// !$*UTF8*$!
{
	archiveVersion = 1;
	classes = {
	};
	objectVersion = 46;
	objects = {

/* Begin PBXBuildFile section */
		5664F3E4C8928B533E1E3B8A /* libPods-Chatory.a in Frameworks */ = {isa = PBXBuildFile; fileRef = 8662A7E38F8F05551FF3934A /* libPods-Chatory.a */; };
		A65FDA2248AABCAC42D4081B /* libPods-ChatoryTests.a in Frameworks */ = {isa = PBXBuildFile; fileRef = 16D6A10C2C280FF7FE97B978 /* libPods-ChatoryTests.a */; };
		CA0A268C1F70AC4D00209E05 /* main.m in Sources */ = {isa = PBXBuildFile; fileRef = CA0A268B1F70AC4D00209E05 /* main.m */; };
		CA0A268F1F70AC4D00209E05 /* AppDelegate.m in Sources */ = {isa = PBXBuildFile; fileRef = CA0A268E1F70AC4D00209E05 /* AppDelegate.m */; };
		CA0A26951F70AC4E00209E05 /* Main.storyboard in Resources */ = {isa = PBXBuildFile; fileRef = CA0A26931F70AC4E00209E05 /* Main.storyboard */; };
		CA0A26971F70AC4E00209E05 /* Assets.xcassets in Resources */ = {isa = PBXBuildFile; fileRef = CA0A26961F70AC4E00209E05 /* Assets.xcassets */; };
		CA0A269A1F70AC4E00209E05 /* LaunchScreen.storyboard in Resources */ = {isa = PBXBuildFile; fileRef = CA0A26981F70AC4E00209E05 /* LaunchScreen.storyboard */; };
		CA0A26A51F70AC4E00209E05 /* ChatoryTests.m in Sources */ = {isa = PBXBuildFile; fileRef = CA0A26A41F70AC4E00209E05 /* ChatoryTests.m */; };
		CA0A26B21F70F12A00209E05 /* ViewController.m in Sources */ = {isa = PBXBuildFile; fileRef = CA0A26B11F70F12A00209E05 /* ViewController.m */; };
		CA0A26B71F70F16400209E05 /* _DevViewController.m in Sources */ = {isa = PBXBuildFile; fileRef = CA0A26B61F70F16400209E05 /* _DevViewController.m */; };
		CA0A26BC1F7113E600209E05 /* TeacherViewController.m in Sources */ = {isa = PBXBuildFile; fileRef = CA0A26BB1F7113E600209E05 /* TeacherViewController.m */; };
		CA0A26C21F71EA6000209E05 /* ChattingViewController.m in Sources */ = {isa = PBXBuildFile; fileRef = CA0A26C11F71EA6000209E05 /* ChattingViewController.m */; };
		CA0A26C81F71FAA100209E05 /* Question.m in Sources */ = {isa = PBXBuildFile; fileRef = CA0A26C71F71FAA100209E05 /* Question.m */; };
		CA0A26CB1F71FB9600209E05 /* Teacher.m in Sources */ = {isa = PBXBuildFile; fileRef = CA0A26CA1F71FB9600209E05 /* Teacher.m */; };
		CA3900341F79D48200343521 /* CTSpeechRecognizer.m in Sources */ = {isa = PBXBuildFile; fileRef = CA3900331F79D48200343521 /* CTSpeechRecognizer.m */; };
		CA3900381F79E29400343521 /* TSSViewController.m in Sources */ = {isa = PBXBuildFile; fileRef = CA3900371F79E29400343521 /* TSSViewController.m */; };
		CA39003E1F7A082E00343521 /* SoundViewController.m in Sources */ = {isa = PBXBuildFile; fileRef = CA39003D1F7A082E00343521 /* SoundViewController.m */; };
		CA4FCBF51F7B306F005B97AF /* TestAnswerViewController.m in Sources */ = {isa = PBXBuildFile; fileRef = CA4FCBF41F7B306F005B97AF /* TestAnswerViewController.m */; };
		CA4FCBF91F7B3D87005B97AF /* Chat_LoadingViewController.m in Sources */ = {isa = PBXBuildFile; fileRef = CA4FCBF71F7B3D86005B97AF /* Chat_LoadingViewController.m */; };
		CA4FCBFA1F7B3D87005B97AF /* Chat_LoadingViewController.xib in Resources */ = {isa = PBXBuildFile; fileRef = CA4FCBF81F7B3D86005B97AF /* Chat_LoadingViewController.xib */; };
		CA4FCBFD1F7B40BD005B97AF /* TestChatLoadingViewController.m in Sources */ = {isa = PBXBuildFile; fileRef = CA4FCBFC1F7B40BD005B97AF /* TestChatLoadingViewController.m */; };
		CA5C89491F748F50009431D6 /* ChatBot.storyboard in Resources */ = {isa = PBXBuildFile; fileRef = CA5C89481F748F50009431D6 /* ChatBot.storyboard */; };
		CA5C89C91F74A8E1009431D6 /* Chat_QuestionViewController.m in Sources */ = {isa = PBXBuildFile; fileRef = CA5C89C71F74A8E1009431D6 /* Chat_QuestionViewController.m */; };
		CA5C89CA1F74A8E1009431D6 /* Chat_QuestionViewController.xib in Resources */ = {isa = PBXBuildFile; fileRef = CA5C89C81F74A8E1009431D6 /* Chat_QuestionViewController.xib */; };
		CA5C8A251F777624009431D6 /* Q01_correct.gif in Resources */ = {isa = PBXBuildFile; fileRef = CA5C89CD1F777073009431D6 /* Q01_correct.gif */; };
		CA5C8A261F777624009431D6 /* Q01_wrong01.gif in Resources */ = {isa = PBXBuildFile; fileRef = CA5C89CE1F777073009431D6 /* Q01_wrong01.gif */; };
		CA5C8A271F777624009431D6 /* Q01_wrong02.gif in Resources */ = {isa = PBXBuildFile; fileRef = CA5C89CF1F777073009431D6 /* Q01_wrong02.gif */; };
		CA5C8A281F777624009431D6 /* Q01_wrong03.gif in Resources */ = {isa = PBXBuildFile; fileRef = CA5C89D01F777073009431D6 /* Q01_wrong03.gif */; };
		CA5C8A2D1F777624009431D6 /* giphy.gif in Resources */ = {isa = PBXBuildFile; fileRef = CA5C89D61F777073009431D6 /* giphy.gif */; };
		CA5C8A2E1F777624009431D6 /* Chatting_bg@2x.png in Resources */ = {isa = PBXBuildFile; fileRef = CA5C89D91F777073009431D6 /* Chatting_bg@2x.png */; };
		CA5C8A2F1F777624009431D6 /* dot01.png in Resources */ = {isa = PBXBuildFile; fileRef = CA5C89DA1F777073009431D6 /* dot01.png */; };
		CA5C8A301F777624009431D6 /* dot02.png in Resources */ = {isa = PBXBuildFile; fileRef = CA5C89DB1F777073009431D6 /* dot02.png */; };
		CA5C8A311F777624009431D6 /* dot03.png in Resources */ = {isa = PBXBuildFile; fileRef = CA5C89DC1F777073009431D6 /* dot03.png */; };
		CA5C8A321F777624009431D6 /* Q01_Gif@2x.png in Resources */ = {isa = PBXBuildFile; fileRef = CA5C89DD1F777073009431D6 /* Q01_Gif@2x.png */; };
		CA5C8A331F777624009431D6 /* Q01_text01@2x.png in Resources */ = {isa = PBXBuildFile; fileRef = CA5C89DE1F777073009431D6 /* Q01_text01@2x.png */; };
		CA5C8A341F777624009431D6 /* Q01_text02@2x.png in Resources */ = {isa = PBXBuildFile; fileRef = CA5C89DF1F777073009431D6 /* Q01_text02@2x.png */; };
		CA5C8A351F777624009431D6 /* Teacher_icon@2x.png in Resources */ = {isa = PBXBuildFile; fileRef = CA5C89E01F777073009431D6 /* Teacher_icon@2x.png */; };
		CA5C8A361F777624009431D6 /* text_loading_box@2x.png in Resources */ = {isa = PBXBuildFile; fileRef = CA5C89E11F777073009431D6 /* text_loading_box@2x.png */; };
		CA5C8A371F777624009431D6 /* Textbox@2x.png in Resources */ = {isa = PBXBuildFile; fileRef = CA5C89E21F777073009431D6 /* Textbox@2x.png */; };
		CA5C8A381F777624009431D6 /* Textbox_frame@2x.png in Resources */ = {isa = PBXBuildFile; fileRef = CA5C89E31F777073009431D6 /* Textbox_frame@2x.png */; };
		CA5C8A391F777624009431D6 /* Top_bar@2x.png in Resources */ = {isa = PBXBuildFile; fileRef = CA5C89E41F777073009431D6 /* Top_bar@2x.png */; };
		CA5C8A3A1F777624009431D6 /* Top_bar_back@2x.png in Resources */ = {isa = PBXBuildFile; fileRef = CA5C89E51F777073009431D6 /* Top_bar_back@2x.png */; };
		CA5C8A3B1F777624009431D6 /* Q01_selection01@2x.png in Resources */ = {isa = PBXBuildFile; fileRef = CA5C89E71F777073009431D6 /* Q01_selection01@2x.png */; };
		CA5C8A3C1F777624009431D6 /* Q01_selection02@2x.png in Resources */ = {isa = PBXBuildFile; fileRef = CA5C89E81F777073009431D6 /* Q01_selection02@2x.png */; };
		CA5C8A3D1F777624009431D6 /* Q01_selection03@2x.png in Resources */ = {isa = PBXBuildFile; fileRef = CA5C89E91F777073009431D6 /* Q01_selection03@2x.png */; };
		CA5C8A3E1F777624009431D6 /* Q01_selection04@2x.png in Resources */ = {isa = PBXBuildFile; fileRef = CA5C89EA1F777073009431D6 /* Q01_selection04@2x.png */; };
		CA5C8A3F1F777624009431D6 /* Q01_sendE@2x.png in Resources */ = {isa = PBXBuildFile; fileRef = CA5C89EB1F777073009431D6 /* Q01_sendE@2x.png */; };
		CA5C8A401F777624009431D6 /* Q01_textbox@2x.png in Resources */ = {isa = PBXBuildFile; fileRef = CA5C89EC1F777073009431D6 /* Q01_textbox@2x.png */; };
		CA5C8A411F777624009431D6 /* Q01_textbox_frame@2x.png in Resources */ = {isa = PBXBuildFile; fileRef = CA5C89ED1F777073009431D6 /* Q01_textbox_frame@2x.png */; };
		CA5C8A421F777624009431D6 /* Q01_textbox_text@2x.png in Resources */ = {isa = PBXBuildFile; fileRef = CA5C89EE1F777073009431D6 /* Q01_textbox_text@2x.png */; };
		CA5C8A431F777624009431D6 /* Q01_correct_answer@2x.png in Resources */ = {isa = PBXBuildFile; fileRef = CA5C89F01F777073009431D6 /* Q01_correct_answer@2x.png */; };
		CA5C8A441F777624009431D6 /* Q01_correct_gif@2x.gif in Resources */ = {isa = PBXBuildFile; fileRef = CA5C89F11F777073009431D6 /* Q01_correct_gif@2x.gif */; };
		CA5C8A451F777624009431D6 /* Q01_correct_text01@2x.png in Resources */ = {isa = PBXBuildFile; fileRef = CA5C89F21F777073009431D6 /* Q01_correct_text01@2x.png */; };
		CA5C8A461F777624009431D6 /* Q01_wrong01_answer@2x.png in Resources */ = {isa = PBXBuildFile; fileRef = CA5C89F41F777073009431D6 /* Q01_wrong01_answer@2x.png */; };
		CA5C8A471F777624009431D6 /* Q01_wrong01_description_gif@2x.png in Resources */ = {isa = PBXBuildFile; fileRef = CA5C89F51F777073009431D6 /* Q01_wrong01_description_gif@2x.png */; };
		CA5C8A481F777624009431D6 /* Q01_wrong01_gif@2x.gif in Resources */ = {isa = PBXBuildFile; fileRef = CA5C89F61F777073009431D6 /* Q01_wrong01_gif@2x.gif */; };
		CA5C8A491F777624009431D6 /* Q01_wrong01_text@2x.png in Resources */ = {isa = PBXBuildFile; fileRef = CA5C89F71F777073009431D6 /* Q01_wrong01_text@2x.png */; };
		CA5C8A4A1F777624009431D6 /* Q01_wrong02_answer@2x.png in Resources */ = {isa = PBXBuildFile; fileRef = CA5C89F91F777073009431D6 /* Q01_wrong02_answer@2x.png */; };
		CA5C8A4B1F777624009431D6 /* Q01_wrong02_description_gif@2x.png in Resources */ = {isa = PBXBuildFile; fileRef = CA5C89FA1F777073009431D6 /* Q01_wrong02_description_gif@2x.png */; };
		CA5C8A4C1F777624009431D6 /* Q01_wrong02_gif@2x.gif in Resources */ = {isa = PBXBuildFile; fileRef = CA5C89FB1F777073009431D6 /* Q01_wrong02_gif@2x.gif */; };
		CA5C8A4D1F777624009431D6 /* Q01_wrong02_text@2x.png in Resources */ = {isa = PBXBuildFile; fileRef = CA5C89FC1F777073009431D6 /* Q01_wrong02_text@2x.png */; };
		CA5C8A4E1F777624009431D6 /* Q01_wrong03_answer@2x.png in Resources */ = {isa = PBXBuildFile; fileRef = CA5C89FE1F777073009431D6 /* Q01_wrong03_answer@2x.png */; };
		CA5C8A4F1F777624009431D6 /* Q01_wrong03_description_gif@2x.png in Resources */ = {isa = PBXBuildFile; fileRef = CA5C89FF1F777073009431D6 /* Q01_wrong03_description_gif@2x.png */; };
		CA5C8A501F777624009431D6 /* Q01_wrong03_gif@2x.gif in Resources */ = {isa = PBXBuildFile; fileRef = CA5C8A001F777073009431D6 /* Q01_wrong03_gif@2x.gif */; };
		CA5C8A511F777624009431D6 /* Q01_wrong03_text@2x.png in Resources */ = {isa = PBXBuildFile; fileRef = CA5C8A011F777073009431D6 /* Q01_wrong03_text@2x.png */; };
		CA5C8A521F777624009431D6 /* Q02_Gif@2x.png in Resources */ = {isa = PBXBuildFile; fileRef = CA5C8A041F777073009431D6 /* Q02_Gif@2x.png */; };
		CA5C8A531F777624009431D6 /* Q02_sound_icon@2x.png in Resources */ = {isa = PBXBuildFile; fileRef = CA5C8A051F777073009431D6 /* Q02_sound_icon@2x.png */; };
		CA5C8A541F777624009431D6 /* Q02_text01@2x.png in Resources */ = {isa = PBXBuildFile; fileRef = CA5C8A061F777073009431D6 /* Q02_text01@2x.png */; };
		CA5C8A551F777624009431D6 /* Q02_textbox@2x.png in Resources */ = {isa = PBXBuildFile; fileRef = CA5C8A081F777073009431D6 /* Q02_textbox@2x.png */; };
		CA5C8A561F777624009431D6 /* Q02_textbox_frame@2x.png in Resources */ = {isa = PBXBuildFile; fileRef = CA5C8A091F777073009431D6 /* Q02_textbox_frame@2x.png */; };
		CA5C8A571F777624009431D6 /* Q02_textbox_text@2x.png in Resources */ = {isa = PBXBuildFile; fileRef = CA5C8A0A1F777073009431D6 /* Q02_textbox_text@2x.png */; };
		CA5C8A581F777624009431D6 /* Voise_bg@2x.png in Resources */ = {isa = PBXBuildFile; fileRef = CA5C8A0B1F777073009431D6 /* Voise_bg@2x.png */; };
		CA5C8A591F777624009431D6 /* Voise_icon@2x.png in Resources */ = {isa = PBXBuildFile; fileRef = CA5C8A0C1F777073009431D6 /* Voise_icon@2x.png */; };
		CA5C8A5A1F777624009431D6 /* correct_tectbox_text@2x.png in Resources */ = {isa = PBXBuildFile; fileRef = CA5C8A0E1F777073009431D6 /* correct_tectbox_text@2x.png */; };
		CA5C8A5B1F777624009431D6 /* voise_dot01@2x.png in Resources */ = {isa = PBXBuildFile; fileRef = CA5C8A0F1F777073009431D6 /* voise_dot01@2x.png */; };
		CA5C8A5C1F777624009431D6 /* voise_dot02@2x.png in Resources */ = {isa = PBXBuildFile; fileRef = CA5C8A101F777073009431D6 /* voise_dot02@2x.png */; };
		CA5C8A5D1F777624009431D6 /* voise_dot03@2x.png in Resources */ = {isa = PBXBuildFile; fileRef = CA5C8A111F777073009431D6 /* voise_dot03@2x.png */; };
		CA5C8A5E1F777624009431D6 /* Q02_correct_answer@2x.png in Resources */ = {isa = PBXBuildFile; fileRef = CA5C8A131F777073009431D6 /* Q02_correct_answer@2x.png */; };
		CA5C8A5F1F777624009431D6 /* Q02_correct_gif@2x.gif in Resources */ = {isa = PBXBuildFile; fileRef = CA5C8A141F777073009431D6 /* Q02_correct_gif@2x.gif */; };
		CA5C8A601F777624009431D6 /* Q02_correct_text01@2x.png in Resources */ = {isa = PBXBuildFile; fileRef = CA5C8A151F777073009431D6 /* Q02_correct_text01@2x.png */; };
		CA5C8A611F777624009431D6 /* Q02_wrong01_gif@2x.gif in Resources */ = {isa = PBXBuildFile; fileRef = CA5C8A171F777073009431D6 /* Q02_wrong01_gif@2x.gif */; };
		CA5C8A621F777624009431D6 /* Q02_wrong01_text@2x.png in Resources */ = {isa = PBXBuildFile; fileRef = CA5C8A181F777073009431D6 /* Q02_wrong01_text@2x.png */; };
		CA5C8A631F777624009431D6 /* Q03_correct_answer@2x.png in Resources */ = {isa = PBXBuildFile; fileRef = CA5C8A1B1F777073009431D6 /* Q03_correct_answer@2x.png */; };
		CA5C8A641F777624009431D6 /* Q03_correct_gif@2x.gif in Resources */ = {isa = PBXBuildFile; fileRef = CA5C8A1C1F777073009431D6 /* Q03_correct_gif@2x.gif */; };
		CA5C8A651F777624009431D6 /* Q03_correct_text01@2x.png in Resources */ = {isa = PBXBuildFile; fileRef = CA5C8A1D1F777073009431D6 /* Q03_correct_text01@2x.png */; };
		CA5C8A661F777624009431D6 /* new_keyboard.png in Resources */ = {isa = PBXBuildFile; fileRef = CA5C8A1F1F777073009431D6 /* new_keyboard.png */; };
		CA5C8A671F777624009431D6 /* Q03_Gif@2x.png in Resources */ = {isa = PBXBuildFile; fileRef = CA5C8A201F777073009431D6 /* Q03_Gif@2x.png */; };
		CA5C8A681F777624009431D6 /* Q03_text01@2x.png in Resources */ = {isa = PBXBuildFile; fileRef = CA5C8A211F777073009431D6 /* Q03_text01@2x.png */; };
		CA5C8A691F777624009431D6 /* Q03_wrong01_gif@2x.gif in Resources */ = {isa = PBXBuildFile; fileRef = CA5C8A231F777073009431D6 /* Q03_wrong01_gif@2x.gif */; };
		CA5C8A6A1F777624009431D6 /* Q03_wrong01_text@2x.png in Resources */ = {isa = PBXBuildFile; fileRef = CA5C8A241F777073009431D6 /* Q03_wrong01_text@2x.png */; };
		CA752A0E1F7C7ECF00AE32B8 /* null_bubble@2x.png in Resources */ = {isa = PBXBuildFile; fileRef = CA752A0D1F7BA54000AE32B8 /* null_bubble@2x.png */; };
		CA752A111F7C838F00AE32B8 /* ChatCellViewController.m in Sources */ = {isa = PBXBuildFile; fileRef = CA752A101F7C838F00AE32B8 /* ChatCellViewController.m */; };
		CA752A191F7CCCE200AE32B8 /* answer_correct.mp3 in Resources */ = {isa = PBXBuildFile; fileRef = CA752A131F7CCCD900AE32B8 /* answer_correct.mp3 */; };
		CA752A1A1F7CCCE200AE32B8 /* answer_wrong_1.mp3 in Resources */ = {isa = PBXBuildFile; fileRef = CA752A141F7CCCD900AE32B8 /* answer_wrong_1.mp3 */; };
		CA752A1B1F7CCCE200AE32B8 /* choose_sound.mp3 in Resources */ = {isa = PBXBuildFile; fileRef = CA752A151F7CCCD900AE32B8 /* choose_sound.mp3 */; };
		CA752A1C1F7CCCE200AE32B8 /* forest-1.m4a in Resources */ = {isa = PBXBuildFile; fileRef = CA752A161F7CCCD900AE32B8 /* forest-1.m4a */; };
		CA752A1D1F7CCCE200AE32B8 /* send_sound.mp3 in Resources */ = {isa = PBXBuildFile; fileRef = CA752A171F7CCCD900AE32B8 /* send_sound.mp3 */; };
		CA752A1E1F7CCCE200AE32B8 /* textballoon_sound.mp3 in Resources */ = {isa = PBXBuildFile; fileRef = CA752A181F7CCCD900AE32B8 /* textballoon_sound.mp3 */; };
		CA8C37371F78CC6300FDCB58 /* ContentManager.m in Sources */ = {isa = PBXBuildFile; fileRef = CA8C37361F78CC6300FDCB58 /* ContentManager.m */; };
		CA8C373A1F78CC7B00FDCB58 /* Content.m in Sources */ = {isa = PBXBuildFile; fileRef = CA8C37391F78CC7B00FDCB58 /* Content.m */; };
		CA8C373E1F78D3EA00FDCB58 /* Chat_AnswerSheetViewController.m in Sources */ = {isa = PBXBuildFile; fileRef = CA8C373C1F78D3EA00FDCB58 /* Chat_AnswerSheetViewController.m */; };
		CA8C373F1F78D3EA00FDCB58 /* Chat_AnswerSheetViewController.xib in Resources */ = {isa = PBXBuildFile; fileRef = CA8C373D1F78D3EA00FDCB58 /* Chat_AnswerSheetViewController.xib */; };
		CADB75691F78E5CE00B84433 /* UserAnswerViewController.m in Sources */ = {isa = PBXBuildFile; fileRef = CADB75671F78E5CE00B84433 /* UserAnswerViewController.m */; };
		CADB756A1F78E5CE00B84433 /* UserAnswerViewController.xib in Resources */ = {isa = PBXBuildFile; fileRef = CADB75681F78E5CE00B84433 /* UserAnswerViewController.xib */; };
		CADB75731F78EBBA00B84433 /* Chat_AnswerReactionViewController.m in Sources */ = {isa = PBXBuildFile; fileRef = CADB75711F78EBBA00B84433 /* Chat_AnswerReactionViewController.m */; };
		CADB75741F78EBBA00B84433 /* Chat_AnswerReactionViewController.xib in Resources */ = {isa = PBXBuildFile; fileRef = CADB75721F78EBBA00B84433 /* Chat_AnswerReactionViewController.xib */; };
/* End PBXBuildFile section */

/* Begin PBXContainerItemProxy section */
		CA0A26A11F70AC4E00209E05 /* PBXContainerItemProxy */ = {
			isa = PBXContainerItemProxy;
			containerPortal = CA0A267F1F70AC4D00209E05 /* Project object */;
			proxyType = 1;
			remoteGlobalIDString = CA0A26861F70AC4D00209E05;
			remoteInfo = Chatory;
		};
/* End PBXContainerItemProxy section */

/* Begin PBXFileReference section */
		0F8386A899253588B7A75932 /* Pods-ChatoryTests.release.xcconfig */ = {isa = PBXFileReference; includeInIndex = 1; lastKnownFileType = text.xcconfig; name = "Pods-ChatoryTests.release.xcconfig"; path = "Pods/Target Support Files/Pods-ChatoryTests/Pods-ChatoryTests.release.xcconfig"; sourceTree = "<group>"; };
		16D6A10C2C280FF7FE97B978 /* libPods-ChatoryTests.a */ = {isa = PBXFileReference; explicitFileType = archive.ar; includeInIndex = 0; path = "libPods-ChatoryTests.a"; sourceTree = BUILT_PRODUCTS_DIR; };
		20F52252E8A76E65DF45364D /* Pods-Chatory.debug.xcconfig */ = {isa = PBXFileReference; includeInIndex = 1; lastKnownFileType = text.xcconfig; name = "Pods-Chatory.debug.xcconfig"; path = "Pods/Target Support Files/Pods-Chatory/Pods-Chatory.debug.xcconfig"; sourceTree = "<group>"; };
		5CA7A44A4D0C1113D48C12F4 /* Pods-Chatory.release.xcconfig */ = {isa = PBXFileReference; includeInIndex = 1; lastKnownFileType = text.xcconfig; name = "Pods-Chatory.release.xcconfig"; path = "Pods/Target Support Files/Pods-Chatory/Pods-Chatory.release.xcconfig"; sourceTree = "<group>"; };
		8662A7E38F8F05551FF3934A /* libPods-Chatory.a */ = {isa = PBXFileReference; explicitFileType = archive.ar; includeInIndex = 0; path = "libPods-Chatory.a"; sourceTree = BUILT_PRODUCTS_DIR; };
		CA0A26871F70AC4D00209E05 /* Chatory.app */ = {isa = PBXFileReference; explicitFileType = wrapper.application; includeInIndex = 0; path = Chatory.app; sourceTree = BUILT_PRODUCTS_DIR; };
		CA0A268B1F70AC4D00209E05 /* main.m */ = {isa = PBXFileReference; lastKnownFileType = sourcecode.c.objc; path = main.m; sourceTree = "<group>"; };
		CA0A268D1F70AC4D00209E05 /* AppDelegate.h */ = {isa = PBXFileReference; lastKnownFileType = sourcecode.c.h; path = AppDelegate.h; sourceTree = "<group>"; };
		CA0A268E1F70AC4D00209E05 /* AppDelegate.m */ = {isa = PBXFileReference; lastKnownFileType = sourcecode.c.objc; path = AppDelegate.m; sourceTree = "<group>"; };
		CA0A26941F70AC4E00209E05 /* Base */ = {isa = PBXFileReference; lastKnownFileType = file.storyboard; name = Base; path = Base.lproj/Main.storyboard; sourceTree = "<group>"; };
		CA0A26961F70AC4E00209E05 /* Assets.xcassets */ = {isa = PBXFileReference; lastKnownFileType = folder.assetcatalog; path = Assets.xcassets; sourceTree = "<group>"; };
		CA0A26991F70AC4E00209E05 /* Base */ = {isa = PBXFileReference; lastKnownFileType = file.storyboard; name = Base; path = Base.lproj/LaunchScreen.storyboard; sourceTree = "<group>"; };
		CA0A269B1F70AC4E00209E05 /* Info.plist */ = {isa = PBXFileReference; lastKnownFileType = text.plist.xml; path = Info.plist; sourceTree = "<group>"; };
		CA0A26A01F70AC4E00209E05 /* ChatoryTests.xctest */ = {isa = PBXFileReference; explicitFileType = wrapper.cfbundle; includeInIndex = 0; path = ChatoryTests.xctest; sourceTree = BUILT_PRODUCTS_DIR; };
		CA0A26A41F70AC4E00209E05 /* ChatoryTests.m */ = {isa = PBXFileReference; lastKnownFileType = sourcecode.c.objc; path = ChatoryTests.m; sourceTree = "<group>"; };
		CA0A26A61F70AC4E00209E05 /* Info.plist */ = {isa = PBXFileReference; lastKnownFileType = text.plist.xml; path = Info.plist; sourceTree = "<group>"; };
		CA0A26B01F70F12A00209E05 /* ViewController.h */ = {isa = PBXFileReference; fileEncoding = 4; lastKnownFileType = sourcecode.c.h; path = ViewController.h; sourceTree = "<group>"; };
		CA0A26B11F70F12A00209E05 /* ViewController.m */ = {isa = PBXFileReference; fileEncoding = 4; lastKnownFileType = sourcecode.c.objc; path = ViewController.m; sourceTree = "<group>"; };
		CA0A26B51F70F16400209E05 /* _DevViewController.h */ = {isa = PBXFileReference; fileEncoding = 4; lastKnownFileType = sourcecode.c.h; path = _DevViewController.h; sourceTree = "<group>"; };
		CA0A26B61F70F16400209E05 /* _DevViewController.m */ = {isa = PBXFileReference; fileEncoding = 4; lastKnownFileType = sourcecode.c.objc; path = _DevViewController.m; sourceTree = "<group>"; };
		CA0A26B91F70F41D00209E05 /* PrefixHeader.pch */ = {isa = PBXFileReference; lastKnownFileType = sourcecode.c.h; path = PrefixHeader.pch; sourceTree = "<group>"; };
		CA0A26BA1F7113E600209E05 /* TeacherViewController.h */ = {isa = PBXFileReference; fileEncoding = 4; lastKnownFileType = sourcecode.c.h; path = TeacherViewController.h; sourceTree = "<group>"; };
		CA0A26BB1F7113E600209E05 /* TeacherViewController.m */ = {isa = PBXFileReference; fileEncoding = 4; lastKnownFileType = sourcecode.c.objc; path = TeacherViewController.m; sourceTree = "<group>"; };
		CA0A26C01F71EA6000209E05 /* ChattingViewController.h */ = {isa = PBXFileReference; fileEncoding = 4; lastKnownFileType = sourcecode.c.h; path = ChattingViewController.h; sourceTree = "<group>"; };
		CA0A26C11F71EA6000209E05 /* ChattingViewController.m */ = {isa = PBXFileReference; fileEncoding = 4; lastKnownFileType = sourcecode.c.objc; path = ChattingViewController.m; sourceTree = "<group>"; };
		CA0A26C61F71FAA100209E05 /* Question.h */ = {isa = PBXFileReference; fileEncoding = 4; lastKnownFileType = sourcecode.c.h; path = Question.h; sourceTree = "<group>"; };
		CA0A26C71F71FAA100209E05 /* Question.m */ = {isa = PBXFileReference; fileEncoding = 4; lastKnownFileType = sourcecode.c.objc; path = Question.m; sourceTree = "<group>"; };
		CA0A26C91F71FB9600209E05 /* Teacher.h */ = {isa = PBXFileReference; fileEncoding = 4; lastKnownFileType = sourcecode.c.h; path = Teacher.h; sourceTree = "<group>"; };
		CA0A26CA1F71FB9600209E05 /* Teacher.m */ = {isa = PBXFileReference; fileEncoding = 4; lastKnownFileType = sourcecode.c.objc; path = Teacher.m; sourceTree = "<group>"; };
		CA3900321F79D48200343521 /* CTSpeechRecognizer.h */ = {isa = PBXFileReference; lastKnownFileType = sourcecode.c.h; path = CTSpeechRecognizer.h; sourceTree = "<group>"; };
		CA3900331F79D48200343521 /* CTSpeechRecognizer.m */ = {isa = PBXFileReference; lastKnownFileType = sourcecode.c.objc; path = CTSpeechRecognizer.m; sourceTree = "<group>"; };
		CA3900361F79E29400343521 /* TSSViewController.h */ = {isa = PBXFileReference; lastKnownFileType = sourcecode.c.h; path = TSSViewController.h; sourceTree = "<group>"; };
		CA3900371F79E29400343521 /* TSSViewController.m */ = {isa = PBXFileReference; lastKnownFileType = sourcecode.c.objc; path = TSSViewController.m; sourceTree = "<group>"; };
		CA39003C1F7A082E00343521 /* SoundViewController.h */ = {isa = PBXFileReference; lastKnownFileType = sourcecode.c.h; path = SoundViewController.h; sourceTree = "<group>"; };
		CA39003D1F7A082E00343521 /* SoundViewController.m */ = {isa = PBXFileReference; lastKnownFileType = sourcecode.c.objc; path = SoundViewController.m; sourceTree = "<group>"; };
		CA4FCBF31F7B306F005B97AF /* TestAnswerViewController.h */ = {isa = PBXFileReference; lastKnownFileType = sourcecode.c.h; path = TestAnswerViewController.h; sourceTree = "<group>"; };
		CA4FCBF41F7B306F005B97AF /* TestAnswerViewController.m */ = {isa = PBXFileReference; lastKnownFileType = sourcecode.c.objc; path = TestAnswerViewController.m; sourceTree = "<group>"; };
		CA4FCBF61F7B3D86005B97AF /* Chat_LoadingViewController.h */ = {isa = PBXFileReference; lastKnownFileType = sourcecode.c.h; path = Chat_LoadingViewController.h; sourceTree = "<group>"; };
		CA4FCBF71F7B3D86005B97AF /* Chat_LoadingViewController.m */ = {isa = PBXFileReference; lastKnownFileType = sourcecode.c.objc; path = Chat_LoadingViewController.m; sourceTree = "<group>"; };
		CA4FCBF81F7B3D86005B97AF /* Chat_LoadingViewController.xib */ = {isa = PBXFileReference; lastKnownFileType = file.xib; path = Chat_LoadingViewController.xib; sourceTree = "<group>"; };
		CA4FCBFB1F7B40BD005B97AF /* TestChatLoadingViewController.h */ = {isa = PBXFileReference; lastKnownFileType = sourcecode.c.h; path = TestChatLoadingViewController.h; sourceTree = "<group>"; };
		CA4FCBFC1F7B40BD005B97AF /* TestChatLoadingViewController.m */ = {isa = PBXFileReference; lastKnownFileType = sourcecode.c.objc; path = TestChatLoadingViewController.m; sourceTree = "<group>"; };
		CA5C89481F748F50009431D6 /* ChatBot.storyboard */ = {isa = PBXFileReference; lastKnownFileType = file.storyboard; path = ChatBot.storyboard; sourceTree = "<group>"; };
		CA5C89C61F74A8E1009431D6 /* Chat_QuestionViewController.h */ = {isa = PBXFileReference; lastKnownFileType = sourcecode.c.h; path = Chat_QuestionViewController.h; sourceTree = "<group>"; };
		CA5C89C71F74A8E1009431D6 /* Chat_QuestionViewController.m */ = {isa = PBXFileReference; lastKnownFileType = sourcecode.c.objc; path = Chat_QuestionViewController.m; sourceTree = "<group>"; };
		CA5C89C81F74A8E1009431D6 /* Chat_QuestionViewController.xib */ = {isa = PBXFileReference; lastKnownFileType = file.xib; path = Chat_QuestionViewController.xib; sourceTree = "<group>"; };
		CA5C89CD1F777073009431D6 /* Q01_correct.gif */ = {isa = PBXFileReference; lastKnownFileType = image.gif; path = Q01_correct.gif; sourceTree = "<group>"; };
		CA5C89CE1F777073009431D6 /* Q01_wrong01.gif */ = {isa = PBXFileReference; lastKnownFileType = image.gif; path = Q01_wrong01.gif; sourceTree = "<group>"; };
		CA5C89CF1F777073009431D6 /* Q01_wrong02.gif */ = {isa = PBXFileReference; lastKnownFileType = image.gif; path = Q01_wrong02.gif; sourceTree = "<group>"; };
		CA5C89D01F777073009431D6 /* Q01_wrong03.gif */ = {isa = PBXFileReference; lastKnownFileType = image.gif; path = Q01_wrong03.gif; sourceTree = "<group>"; };
		CA5C89D61F777073009431D6 /* giphy.gif */ = {isa = PBXFileReference; lastKnownFileType = image.gif; path = giphy.gif; sourceTree = "<group>"; };
		CA5C89D91F777073009431D6 /* Chatting_bg@2x.png */ = {isa = PBXFileReference; lastKnownFileType = image.png; path = "Chatting_bg@2x.png"; sourceTree = "<group>"; };
		CA5C89DA1F777073009431D6 /* dot01.png */ = {isa = PBXFileReference; lastKnownFileType = image.png; path = dot01.png; sourceTree = "<group>"; };
		CA5C89DB1F777073009431D6 /* dot02.png */ = {isa = PBXFileReference; lastKnownFileType = image.png; path = dot02.png; sourceTree = "<group>"; };
		CA5C89DC1F777073009431D6 /* dot03.png */ = {isa = PBXFileReference; lastKnownFileType = image.png; path = dot03.png; sourceTree = "<group>"; };
		CA5C89DD1F777073009431D6 /* Q01_Gif@2x.png */ = {isa = PBXFileReference; lastKnownFileType = image.png; path = "Q01_Gif@2x.png"; sourceTree = "<group>"; };
		CA5C89DE1F777073009431D6 /* Q01_text01@2x.png */ = {isa = PBXFileReference; lastKnownFileType = image.png; path = "Q01_text01@2x.png"; sourceTree = "<group>"; };
		CA5C89DF1F777073009431D6 /* Q01_text02@2x.png */ = {isa = PBXFileReference; lastKnownFileType = image.png; path = "Q01_text02@2x.png"; sourceTree = "<group>"; };
		CA5C89E01F777073009431D6 /* Teacher_icon@2x.png */ = {isa = PBXFileReference; lastKnownFileType = image.png; path = "Teacher_icon@2x.png"; sourceTree = "<group>"; };
		CA5C89E11F777073009431D6 /* text_loading_box@2x.png */ = {isa = PBXFileReference; lastKnownFileType = image.png; path = "text_loading_box@2x.png"; sourceTree = "<group>"; };
		CA5C89E21F777073009431D6 /* Textbox@2x.png */ = {isa = PBXFileReference; lastKnownFileType = image.png; path = "Textbox@2x.png"; sourceTree = "<group>"; };
		CA5C89E31F777073009431D6 /* Textbox_frame@2x.png */ = {isa = PBXFileReference; lastKnownFileType = image.png; path = "Textbox_frame@2x.png"; sourceTree = "<group>"; };
		CA5C89E41F777073009431D6 /* Top_bar@2x.png */ = {isa = PBXFileReference; lastKnownFileType = image.png; path = "Top_bar@2x.png"; sourceTree = "<group>"; };
		CA5C89E51F777073009431D6 /* Top_bar_back@2x.png */ = {isa = PBXFileReference; lastKnownFileType = image.png; path = "Top_bar_back@2x.png"; sourceTree = "<group>"; };
		CA5C89E71F777073009431D6 /* Q01_selection01@2x.png */ = {isa = PBXFileReference; lastKnownFileType = image.png; path = "Q01_selection01@2x.png"; sourceTree = "<group>"; };
		CA5C89E81F777073009431D6 /* Q01_selection02@2x.png */ = {isa = PBXFileReference; lastKnownFileType = image.png; path = "Q01_selection02@2x.png"; sourceTree = "<group>"; };
		CA5C89E91F777073009431D6 /* Q01_selection03@2x.png */ = {isa = PBXFileReference; lastKnownFileType = image.png; path = "Q01_selection03@2x.png"; sourceTree = "<group>"; };
		CA5C89EA1F777073009431D6 /* Q01_selection04@2x.png */ = {isa = PBXFileReference; lastKnownFileType = image.png; path = "Q01_selection04@2x.png"; sourceTree = "<group>"; };
		CA5C89EB1F777073009431D6 /* Q01_sendE@2x.png */ = {isa = PBXFileReference; lastKnownFileType = image.png; path = "Q01_sendE@2x.png"; sourceTree = "<group>"; };
		CA5C89EC1F777073009431D6 /* Q01_textbox@2x.png */ = {isa = PBXFileReference; lastKnownFileType = image.png; path = "Q01_textbox@2x.png"; sourceTree = "<group>"; };
		CA5C89ED1F777073009431D6 /* Q01_textbox_frame@2x.png */ = {isa = PBXFileReference; lastKnownFileType = image.png; path = "Q01_textbox_frame@2x.png"; sourceTree = "<group>"; };
		CA5C89EE1F777073009431D6 /* Q01_textbox_text@2x.png */ = {isa = PBXFileReference; lastKnownFileType = image.png; path = "Q01_textbox_text@2x.png"; sourceTree = "<group>"; };
		CA5C89F01F777073009431D6 /* Q01_correct_answer@2x.png */ = {isa = PBXFileReference; lastKnownFileType = image.png; path = "Q01_correct_answer@2x.png"; sourceTree = "<group>"; };
		CA5C89F11F777073009431D6 /* Q01_correct_gif@2x.gif */ = {isa = PBXFileReference; lastKnownFileType = image.gif; path = "Q01_correct_gif@2x.gif"; sourceTree = "<group>"; };
		CA5C89F21F777073009431D6 /* Q01_correct_text01@2x.png */ = {isa = PBXFileReference; lastKnownFileType = image.png; path = "Q01_correct_text01@2x.png"; sourceTree = "<group>"; };
		CA5C89F41F777073009431D6 /* Q01_wrong01_answer@2x.png */ = {isa = PBXFileReference; lastKnownFileType = image.png; path = "Q01_wrong01_answer@2x.png"; sourceTree = "<group>"; };
		CA5C89F51F777073009431D6 /* Q01_wrong01_description_gif@2x.png */ = {isa = PBXFileReference; lastKnownFileType = image.png; path = "Q01_wrong01_description_gif@2x.png"; sourceTree = "<group>"; };
		CA5C89F61F777073009431D6 /* Q01_wrong01_gif@2x.gif */ = {isa = PBXFileReference; lastKnownFileType = image.gif; path = "Q01_wrong01_gif@2x.gif"; sourceTree = "<group>"; };
		CA5C89F71F777073009431D6 /* Q01_wrong01_text@2x.png */ = {isa = PBXFileReference; lastKnownFileType = image.png; path = "Q01_wrong01_text@2x.png"; sourceTree = "<group>"; };
		CA5C89F91F777073009431D6 /* Q01_wrong02_answer@2x.png */ = {isa = PBXFileReference; lastKnownFileType = image.png; path = "Q01_wrong02_answer@2x.png"; sourceTree = "<group>"; };
		CA5C89FA1F777073009431D6 /* Q01_wrong02_description_gif@2x.png */ = {isa = PBXFileReference; lastKnownFileType = image.png; path = "Q01_wrong02_description_gif@2x.png"; sourceTree = "<group>"; };
		CA5C89FB1F777073009431D6 /* Q01_wrong02_gif@2x.gif */ = {isa = PBXFileReference; lastKnownFileType = image.gif; path = "Q01_wrong02_gif@2x.gif"; sourceTree = "<group>"; };
		CA5C89FC1F777073009431D6 /* Q01_wrong02_text@2x.png */ = {isa = PBXFileReference; lastKnownFileType = image.png; path = "Q01_wrong02_text@2x.png"; sourceTree = "<group>"; };
		CA5C89FE1F777073009431D6 /* Q01_wrong03_answer@2x.png */ = {isa = PBXFileReference; lastKnownFileType = image.png; path = "Q01_wrong03_answer@2x.png"; sourceTree = "<group>"; };
		CA5C89FF1F777073009431D6 /* Q01_wrong03_description_gif@2x.png */ = {isa = PBXFileReference; lastKnownFileType = image.png; path = "Q01_wrong03_description_gif@2x.png"; sourceTree = "<group>"; };
		CA5C8A001F777073009431D6 /* Q01_wrong03_gif@2x.gif */ = {isa = PBXFileReference; lastKnownFileType = image.gif; path = "Q01_wrong03_gif@2x.gif"; sourceTree = "<group>"; };
		CA5C8A011F777073009431D6 /* Q01_wrong03_text@2x.png */ = {isa = PBXFileReference; lastKnownFileType = image.png; path = "Q01_wrong03_text@2x.png"; sourceTree = "<group>"; };
		CA5C8A041F777073009431D6 /* Q02_Gif@2x.png */ = {isa = PBXFileReference; lastKnownFileType = image.png; path = "Q02_Gif@2x.png"; sourceTree = "<group>"; };
		CA5C8A051F777073009431D6 /* Q02_sound_icon@2x.png */ = {isa = PBXFileReference; lastKnownFileType = image.png; path = "Q02_sound_icon@2x.png"; sourceTree = "<group>"; };
		CA5C8A061F777073009431D6 /* Q02_text01@2x.png */ = {isa = PBXFileReference; lastKnownFileType = image.png; path = "Q02_text01@2x.png"; sourceTree = "<group>"; };
		CA5C8A081F777073009431D6 /* Q02_textbox@2x.png */ = {isa = PBXFileReference; lastKnownFileType = image.png; path = "Q02_textbox@2x.png"; sourceTree = "<group>"; };
		CA5C8A091F777073009431D6 /* Q02_textbox_frame@2x.png */ = {isa = PBXFileReference; lastKnownFileType = image.png; path = "Q02_textbox_frame@2x.png"; sourceTree = "<group>"; };
		CA5C8A0A1F777073009431D6 /* Q02_textbox_text@2x.png */ = {isa = PBXFileReference; lastKnownFileType = image.png; path = "Q02_textbox_text@2x.png"; sourceTree = "<group>"; };
		CA5C8A0B1F777073009431D6 /* Voise_bg@2x.png */ = {isa = PBXFileReference; lastKnownFileType = image.png; path = "Voise_bg@2x.png"; sourceTree = "<group>"; };
		CA5C8A0C1F777073009431D6 /* Voise_icon@2x.png */ = {isa = PBXFileReference; lastKnownFileType = image.png; path = "Voise_icon@2x.png"; sourceTree = "<group>"; };
		CA5C8A0E1F777073009431D6 /* correct_tectbox_text@2x.png */ = {isa = PBXFileReference; lastKnownFileType = image.png; path = "correct_tectbox_text@2x.png"; sourceTree = "<group>"; };
		CA5C8A0F1F777073009431D6 /* voise_dot01@2x.png */ = {isa = PBXFileReference; lastKnownFileType = image.png; path = "voise_dot01@2x.png"; sourceTree = "<group>"; };
		CA5C8A101F777073009431D6 /* voise_dot02@2x.png */ = {isa = PBXFileReference; lastKnownFileType = image.png; path = "voise_dot02@2x.png"; sourceTree = "<group>"; };
		CA5C8A111F777073009431D6 /* voise_dot03@2x.png */ = {isa = PBXFileReference; lastKnownFileType = image.png; path = "voise_dot03@2x.png"; sourceTree = "<group>"; };
		CA5C8A131F777073009431D6 /* Q02_correct_answer@2x.png */ = {isa = PBXFileReference; lastKnownFileType = image.png; path = "Q02_correct_answer@2x.png"; sourceTree = "<group>"; };
		CA5C8A141F777073009431D6 /* Q02_correct_gif@2x.gif */ = {isa = PBXFileReference; lastKnownFileType = image.gif; path = "Q02_correct_gif@2x.gif"; sourceTree = "<group>"; };
		CA5C8A151F777073009431D6 /* Q02_correct_text01@2x.png */ = {isa = PBXFileReference; lastKnownFileType = image.png; path = "Q02_correct_text01@2x.png"; sourceTree = "<group>"; };
		CA5C8A171F777073009431D6 /* Q02_wrong01_gif@2x.gif */ = {isa = PBXFileReference; lastKnownFileType = image.gif; path = "Q02_wrong01_gif@2x.gif"; sourceTree = "<group>"; };
		CA5C8A181F777073009431D6 /* Q02_wrong01_text@2x.png */ = {isa = PBXFileReference; lastKnownFileType = image.png; path = "Q02_wrong01_text@2x.png"; sourceTree = "<group>"; };
		CA5C8A1B1F777073009431D6 /* Q03_correct_answer@2x.png */ = {isa = PBXFileReference; lastKnownFileType = image.png; path = "Q03_correct_answer@2x.png"; sourceTree = "<group>"; };
		CA5C8A1C1F777073009431D6 /* Q03_correct_gif@2x.gif */ = {isa = PBXFileReference; lastKnownFileType = image.gif; path = "Q03_correct_gif@2x.gif"; sourceTree = "<group>"; };
		CA5C8A1D1F777073009431D6 /* Q03_correct_text01@2x.png */ = {isa = PBXFileReference; lastKnownFileType = image.png; path = "Q03_correct_text01@2x.png"; sourceTree = "<group>"; };
		CA5C8A1F1F777073009431D6 /* new_keyboard.png */ = {isa = PBXFileReference; lastKnownFileType = image.png; path = new_keyboard.png; sourceTree = "<group>"; };
		CA5C8A201F777073009431D6 /* Q03_Gif@2x.png */ = {isa = PBXFileReference; lastKnownFileType = image.png; path = "Q03_Gif@2x.png"; sourceTree = "<group>"; };
		CA5C8A211F777073009431D6 /* Q03_text01@2x.png */ = {isa = PBXFileReference; lastKnownFileType = image.png; path = "Q03_text01@2x.png"; sourceTree = "<group>"; };
		CA5C8A231F777073009431D6 /* Q03_wrong01_gif@2x.gif */ = {isa = PBXFileReference; lastKnownFileType = image.gif; path = "Q03_wrong01_gif@2x.gif"; sourceTree = "<group>"; };
		CA5C8A241F777073009431D6 /* Q03_wrong01_text@2x.png */ = {isa = PBXFileReference; lastKnownFileType = image.png; path = "Q03_wrong01_text@2x.png"; sourceTree = "<group>"; };
		CA752A0D1F7BA54000AE32B8 /* null_bubble@2x.png */ = {isa = PBXFileReference; lastKnownFileType = image.png; path = "null_bubble@2x.png"; sourceTree = "<group>"; };
		CA752A0F1F7C838F00AE32B8 /* ChatCellViewController.h */ = {isa = PBXFileReference; lastKnownFileType = sourcecode.c.h; path = ChatCellViewController.h; sourceTree = "<group>"; };
		CA752A101F7C838F00AE32B8 /* ChatCellViewController.m */ = {isa = PBXFileReference; lastKnownFileType = sourcecode.c.objc; path = ChatCellViewController.m; sourceTree = "<group>"; };
		CA752A131F7CCCD900AE32B8 /* answer_correct.mp3 */ = {isa = PBXFileReference; lastKnownFileType = audio.mp3; path = answer_correct.mp3; sourceTree = "<group>"; };
		CA752A141F7CCCD900AE32B8 /* answer_wrong_1.mp3 */ = {isa = PBXFileReference; lastKnownFileType = audio.mp3; path = answer_wrong_1.mp3; sourceTree = "<group>"; };
		CA752A151F7CCCD900AE32B8 /* choose_sound.mp3 */ = {isa = PBXFileReference; lastKnownFileType = audio.mp3; path = choose_sound.mp3; sourceTree = "<group>"; };
		CA752A161F7CCCD900AE32B8 /* forest-1.m4a */ = {isa = PBXFileReference; lastKnownFileType = file; path = "forest-1.m4a"; sourceTree = "<group>"; };
		CA752A171F7CCCD900AE32B8 /* send_sound.mp3 */ = {isa = PBXFileReference; lastKnownFileType = audio.mp3; path = send_sound.mp3; sourceTree = "<group>"; };
		CA752A181F7CCCD900AE32B8 /* textballoon_sound.mp3 */ = {isa = PBXFileReference; lastKnownFileType = audio.mp3; path = textballoon_sound.mp3; sourceTree = "<group>"; };
		CA8C37351F78CC6300FDCB58 /* ContentManager.h */ = {isa = PBXFileReference; lastKnownFileType = sourcecode.c.h; path = ContentManager.h; sourceTree = "<group>"; };
		CA8C37361F78CC6300FDCB58 /* ContentManager.m */ = {isa = PBXFileReference; lastKnownFileType = sourcecode.c.objc; path = ContentManager.m; sourceTree = "<group>"; };
		CA8C37381F78CC7B00FDCB58 /* Content.h */ = {isa = PBXFileReference; lastKnownFileType = sourcecode.c.h; path = Content.h; sourceTree = "<group>"; };
		CA8C37391F78CC7B00FDCB58 /* Content.m */ = {isa = PBXFileReference; lastKnownFileType = sourcecode.c.objc; path = Content.m; sourceTree = "<group>"; };
		CA8C373B1F78D3EA00FDCB58 /* Chat_AnswerSheetViewController.h */ = {isa = PBXFileReference; lastKnownFileType = sourcecode.c.h; path = Chat_AnswerSheetViewController.h; sourceTree = "<group>"; };
		CA8C373C1F78D3EA00FDCB58 /* Chat_AnswerSheetViewController.m */ = {isa = PBXFileReference; lastKnownFileType = sourcecode.c.objc; path = Chat_AnswerSheetViewController.m; sourceTree = "<group>"; };
		CA8C373D1F78D3EA00FDCB58 /* Chat_AnswerSheetViewController.xib */ = {isa = PBXFileReference; lastKnownFileType = file.xib; path = Chat_AnswerSheetViewController.xib; sourceTree = "<group>"; };
		CADB75661F78E5CE00B84433 /* UserAnswerViewController.h */ = {isa = PBXFileReference; lastKnownFileType = sourcecode.c.h; path = UserAnswerViewController.h; sourceTree = "<group>"; };
		CADB75671F78E5CE00B84433 /* UserAnswerViewController.m */ = {isa = PBXFileReference; lastKnownFileType = sourcecode.c.objc; path = UserAnswerViewController.m; sourceTree = "<group>"; };
		CADB75681F78E5CE00B84433 /* UserAnswerViewController.xib */ = {isa = PBXFileReference; lastKnownFileType = file.xib; path = UserAnswerViewController.xib; sourceTree = "<group>"; };
		CADB75701F78EBBA00B84433 /* Chat_AnswerReactionViewController.h */ = {isa = PBXFileReference; lastKnownFileType = sourcecode.c.h; path = Chat_AnswerReactionViewController.h; sourceTree = "<group>"; };
		CADB75711F78EBBA00B84433 /* Chat_AnswerReactionViewController.m */ = {isa = PBXFileReference; lastKnownFileType = sourcecode.c.objc; path = Chat_AnswerReactionViewController.m; sourceTree = "<group>"; };
		CADB75721F78EBBA00B84433 /* Chat_AnswerReactionViewController.xib */ = {isa = PBXFileReference; lastKnownFileType = file.xib; path = Chat_AnswerReactionViewController.xib; sourceTree = "<group>"; };
		DB5CBA1496E1B953F9510377 /* Pods-ChatoryTests.debug.xcconfig */ = {isa = PBXFileReference; includeInIndex = 1; lastKnownFileType = text.xcconfig; name = "Pods-ChatoryTests.debug.xcconfig"; path = "Pods/Target Support Files/Pods-ChatoryTests/Pods-ChatoryTests.debug.xcconfig"; sourceTree = "<group>"; };
/* End PBXFileReference section */

/* Begin PBXFrameworksBuildPhase section */
		CA0A26841F70AC4D00209E05 /* Frameworks */ = {
			isa = PBXFrameworksBuildPhase;
			buildActionMask = 2147483647;
			files = (
				5664F3E4C8928B533E1E3B8A /* libPods-Chatory.a in Frameworks */,
			);
			runOnlyForDeploymentPostprocessing = 0;
		};
		CA0A269D1F70AC4E00209E05 /* Frameworks */ = {
			isa = PBXFrameworksBuildPhase;
			buildActionMask = 2147483647;
			files = (
				A65FDA2248AABCAC42D4081B /* libPods-ChatoryTests.a in Frameworks */,
			);
			runOnlyForDeploymentPostprocessing = 0;
		};
/* End PBXFrameworksBuildPhase section */

/* Begin PBXGroup section */
		3376AABC155F9960419FEF44 /* Pods */ = {
			isa = PBXGroup;
			children = (
				20F52252E8A76E65DF45364D /* Pods-Chatory.debug.xcconfig */,
				5CA7A44A4D0C1113D48C12F4 /* Pods-Chatory.release.xcconfig */,
				DB5CBA1496E1B953F9510377 /* Pods-ChatoryTests.debug.xcconfig */,
				0F8386A899253588B7A75932 /* Pods-ChatoryTests.release.xcconfig */,
			);
			name = Pods;
			sourceTree = "<group>";
		};
		CA0A267E1F70AC4D00209E05 = {
			isa = PBXGroup;
			children = (
				CA0A26891F70AC4D00209E05 /* Chatory */,
				CA0A26A31F70AC4E00209E05 /* ChatoryTests */,
				CA0A26881F70AC4D00209E05 /* Products */,
				3376AABC155F9960419FEF44 /* Pods */,
				F0DDC1FA4FA5F50BEC4ADDCF /* Frameworks */,
			);
			sourceTree = "<group>";
		};
		CA0A26881F70AC4D00209E05 /* Products */ = {
			isa = PBXGroup;
			children = (
				CA0A26871F70AC4D00209E05 /* Chatory.app */,
				CA0A26A01F70AC4E00209E05 /* ChatoryTests.xctest */,
			);
			name = Products;
			sourceTree = "<group>";
		};
		CA0A26891F70AC4D00209E05 /* Chatory */ = {
			isa = PBXGroup;
			children = (
				CA5C89471F748F0C009431D6 /* StoryBoards */,
				CA8C37341F78CC4D00FDCB58 /* Managers */,
				CA3900311F79D44600343521 /* Object */,
				CA0A26B31F70F14200209E05 /* DataModel */,
				CA0A26AF1F70F12A00209E05 /* ViewControllers */,
				CA0A268D1F70AC4D00209E05 /* AppDelegate.h */,
				CA0A268E1F70AC4D00209E05 /* AppDelegate.m */,
				CA0A26961F70AC4E00209E05 /* Assets.xcassets */,
				CA0A26981F70AC4E00209E05 /* LaunchScreen.storyboard */,
				CA0A269B1F70AC4E00209E05 /* Info.plist */,
				CA0A268A1F70AC4D00209E05 /* Supporting Files */,
			);
			path = Chatory;
			sourceTree = "<group>";
		};
		CA0A268A1F70AC4D00209E05 /* Supporting Files */ = {
			isa = PBXGroup;
			children = (
				CA752A121F7CCCD900AE32B8 /* Audio */,
				CA5C89CB1F777073009431D6 /* Images */,
				CA0A26B81F70F40A00209E05 /* Utils */,
				CA0A268B1F70AC4D00209E05 /* main.m */,
			);
			name = "Supporting Files";
			sourceTree = "<group>";
		};
		CA0A26A31F70AC4E00209E05 /* ChatoryTests */ = {
			isa = PBXGroup;
			children = (
				CA0A26A41F70AC4E00209E05 /* ChatoryTests.m */,
				CA0A26A61F70AC4E00209E05 /* Info.plist */,
			);
			path = ChatoryTests;
			sourceTree = "<group>";
		};
		CA0A26AF1F70F12A00209E05 /* ViewControllers */ = {
			isa = PBXGroup;
			children = (
				CA3900351F79E28300343521 /* Tests */,
				CA0A26BF1F71EA5400209E05 /* Chattings */,
				CA0A26B51F70F16400209E05 /* _DevViewController.h */,
				CA0A26B61F70F16400209E05 /* _DevViewController.m */,
				CA0A26B01F70F12A00209E05 /* ViewController.h */,
				CA0A26B11F70F12A00209E05 /* ViewController.m */,
				CA0A26BA1F7113E600209E05 /* TeacherViewController.h */,
				CA0A26BB1F7113E600209E05 /* TeacherViewController.m */,
			);
			path = ViewControllers;
			sourceTree = "<group>";
		};
		CA0A26B31F70F14200209E05 /* DataModel */ = {
			isa = PBXGroup;
			children = (
				CA0A26C61F71FAA100209E05 /* Question.h */,
				CA0A26C71F71FAA100209E05 /* Question.m */,
				CA0A26C91F71FB9600209E05 /* Teacher.h */,
				CA0A26CA1F71FB9600209E05 /* Teacher.m */,
				CA8C37381F78CC7B00FDCB58 /* Content.h */,
				CA8C37391F78CC7B00FDCB58 /* Content.m */,
			);
			path = DataModel;
			sourceTree = "<group>";
		};
		CA0A26B81F70F40A00209E05 /* Utils */ = {
			isa = PBXGroup;
			children = (
				CA0A26B91F70F41D00209E05 /* PrefixHeader.pch */,
			);
			path = Utils;
			sourceTree = "<group>";
		};
		CA0A26BF1F71EA5400209E05 /* Chattings */ = {
			isa = PBXGroup;
			children = (
				CA5C89BD1F74A231009431D6 /* Views */,
				CA0A26C01F71EA6000209E05 /* ChattingViewController.h */,
				CA0A26C11F71EA6000209E05 /* ChattingViewController.m */,
			);
			path = Chattings;
			sourceTree = "<group>";
		};
		CA3900311F79D44600343521 /* Object */ = {
			isa = PBXGroup;
			children = (
				CA3900321F79D48200343521 /* CTSpeechRecognizer.h */,
				CA3900331F79D48200343521 /* CTSpeechRecognizer.m */,
			);
			path = Object;
			sourceTree = "<group>";
		};
		CA3900351F79E28300343521 /* Tests */ = {
			isa = PBXGroup;
			children = (
				CA3900361F79E29400343521 /* TSSViewController.h */,
				CA3900371F79E29400343521 /* TSSViewController.m */,
				CA39003C1F7A082E00343521 /* SoundViewController.h */,
				CA39003D1F7A082E00343521 /* SoundViewController.m */,
				CA4FCBF31F7B306F005B97AF /* TestAnswerViewController.h */,
				CA4FCBF41F7B306F005B97AF /* TestAnswerViewController.m */,
				CA4FCBFB1F7B40BD005B97AF /* TestChatLoadingViewController.h */,
				CA4FCBFC1F7B40BD005B97AF /* TestChatLoadingViewController.m */,
			);
			path = Tests;
			sourceTree = "<group>";
		};
		CA5C89471F748F0C009431D6 /* StoryBoards */ = {
			isa = PBXGroup;
			children = (
				CA0A26931F70AC4E00209E05 /* Main.storyboard */,
				CA5C89481F748F50009431D6 /* ChatBot.storyboard */,
			);
			path = StoryBoards;
			sourceTree = "<group>";
		};
		CA5C89BD1F74A231009431D6 /* Views */ = {
			isa = PBXGroup;
			children = (
				CA752A0F1F7C838F00AE32B8 /* ChatCellViewController.h */,
				CA752A101F7C838F00AE32B8 /* ChatCellViewController.m */,
				CA5C89C61F74A8E1009431D6 /* Chat_QuestionViewController.h */,
				CA5C89C71F74A8E1009431D6 /* Chat_QuestionViewController.m */,
				CA5C89C81F74A8E1009431D6 /* Chat_QuestionViewController.xib */,
				CA8C373B1F78D3EA00FDCB58 /* Chat_AnswerSheetViewController.h */,
				CA8C373C1F78D3EA00FDCB58 /* Chat_AnswerSheetViewController.m */,
				CA8C373D1F78D3EA00FDCB58 /* Chat_AnswerSheetViewController.xib */,
				CADB75661F78E5CE00B84433 /* UserAnswerViewController.h */,
				CADB75671F78E5CE00B84433 /* UserAnswerViewController.m */,
				CADB75681F78E5CE00B84433 /* UserAnswerViewController.xib */,
				CADB75701F78EBBA00B84433 /* Chat_AnswerReactionViewController.h */,
				CADB75711F78EBBA00B84433 /* Chat_AnswerReactionViewController.m */,
				CADB75721F78EBBA00B84433 /* Chat_AnswerReactionViewController.xib */,
				CA4FCBF61F7B3D86005B97AF /* Chat_LoadingViewController.h */,
				CA4FCBF71F7B3D86005B97AF /* Chat_LoadingViewController.m */,
				CA4FCBF81F7B3D86005B97AF /* Chat_LoadingViewController.xib */,
			);
			path = Views;
			sourceTree = "<group>";
		};
		CA5C89CB1F777073009431D6 /* Images */ = {
			isa = PBXGroup;
			children = (
				CA752A0D1F7BA54000AE32B8 /* null_bubble@2x.png */,
				CA5C89CC1F777073009431D6 /* character_gif */,
				CA5C89D51F777073009431D6 /* for test */,
				CA5C89D71F777073009431D6 /* word_practice_01 */,
				CA5C8A021F777073009431D6 /* word_practice_02 */,
				CA5C8A191F777073009431D6 /* word_practice_03 */,
			);
			path = Images;
			sourceTree = "<group>";
		};
		CA5C89CC1F777073009431D6 /* character_gif */ = {
			isa = PBXGroup;
			children = (
				CA5C89CD1F777073009431D6 /* Q01_correct.gif */,
				CA5C89CE1F777073009431D6 /* Q01_wrong01.gif */,
				CA5C89CF1F777073009431D6 /* Q01_wrong02.gif */,
				CA5C89D01F777073009431D6 /* Q01_wrong03.gif */,
			);
			path = character_gif;
			sourceTree = "<group>";
		};
		CA5C89D51F777073009431D6 /* for test */ = {
			isa = PBXGroup;
			children = (
				CA5C89D61F777073009431D6 /* giphy.gif */,
			);
			path = "for test";
			sourceTree = "<group>";
		};
		CA5C89D71F777073009431D6 /* word_practice_01 */ = {
			isa = PBXGroup;
			children = (
				CA5C89D81F777073009431D6 /* word practice 01 */,
				CA5C89E61F777073009431D6 /* word practice 01_1  */,
				CA5C89EF1F777073009431D6 /* word practice 01_2 */,
				CA5C89F31F777073009431D6 /* word practice 01_wrong1 */,
				CA5C89F81F777073009431D6 /* word practice 01_wrong2 */,
				CA5C89FD1F777073009431D6 /* word practice 01_wrong3 */,
			);
			path = word_practice_01;
			sourceTree = "<group>";
		};
		CA5C89D81F777073009431D6 /* word practice 01 */ = {
			isa = PBXGroup;
			children = (
				CA5C89D91F777073009431D6 /* Chatting_bg@2x.png */,
				CA5C89DA1F777073009431D6 /* dot01.png */,
				CA5C89DB1F777073009431D6 /* dot02.png */,
				CA5C89DC1F777073009431D6 /* dot03.png */,
				CA5C89DD1F777073009431D6 /* Q01_Gif@2x.png */,
				CA5C89DE1F777073009431D6 /* Q01_text01@2x.png */,
				CA5C89DF1F777073009431D6 /* Q01_text02@2x.png */,
				CA5C89E01F777073009431D6 /* Teacher_icon@2x.png */,
				CA5C89E11F777073009431D6 /* text_loading_box@2x.png */,
				CA5C89E21F777073009431D6 /* Textbox@2x.png */,
				CA5C89E31F777073009431D6 /* Textbox_frame@2x.png */,
				CA5C89E41F777073009431D6 /* Top_bar@2x.png */,
				CA5C89E51F777073009431D6 /* Top_bar_back@2x.png */,
			);
			path = "word practice 01";
			sourceTree = "<group>";
		};
		CA5C89E61F777073009431D6 /* word practice 01_1  */ = {
			isa = PBXGroup;
			children = (
				CA5C89E71F777073009431D6 /* Q01_selection01@2x.png */,
				CA5C89E81F777073009431D6 /* Q01_selection02@2x.png */,
				CA5C89E91F777073009431D6 /* Q01_selection03@2x.png */,
				CA5C89EA1F777073009431D6 /* Q01_selection04@2x.png */,
				CA5C89EB1F777073009431D6 /* Q01_sendE@2x.png */,
				CA5C89EC1F777073009431D6 /* Q01_textbox@2x.png */,
				CA5C89ED1F777073009431D6 /* Q01_textbox_frame@2x.png */,
				CA5C89EE1F777073009431D6 /* Q01_textbox_text@2x.png */,
			);
			path = "word practice 01_1 ";
			sourceTree = "<group>";
		};
		CA5C89EF1F777073009431D6 /* word practice 01_2 */ = {
			isa = PBXGroup;
			children = (
				CA5C89F01F777073009431D6 /* Q01_correct_answer@2x.png */,
				CA5C89F11F777073009431D6 /* Q01_correct_gif@2x.gif */,
				CA5C89F21F777073009431D6 /* Q01_correct_text01@2x.png */,
			);
			path = "word practice 01_2";
			sourceTree = "<group>";
		};
		CA5C89F31F777073009431D6 /* word practice 01_wrong1 */ = {
			isa = PBXGroup;
			children = (
				CA5C89F41F777073009431D6 /* Q01_wrong01_answer@2x.png */,
				CA5C89F51F777073009431D6 /* Q01_wrong01_description_gif@2x.png */,
				CA5C89F61F777073009431D6 /* Q01_wrong01_gif@2x.gif */,
				CA5C89F71F777073009431D6 /* Q01_wrong01_text@2x.png */,
			);
			path = "word practice 01_wrong1";
			sourceTree = "<group>";
		};
		CA5C89F81F777073009431D6 /* word practice 01_wrong2 */ = {
			isa = PBXGroup;
			children = (
				CA5C89F91F777073009431D6 /* Q01_wrong02_answer@2x.png */,
				CA5C89FA1F777073009431D6 /* Q01_wrong02_description_gif@2x.png */,
				CA5C89FB1F777073009431D6 /* Q01_wrong02_gif@2x.gif */,
				CA5C89FC1F777073009431D6 /* Q01_wrong02_text@2x.png */,
			);
			path = "word practice 01_wrong2";
			sourceTree = "<group>";
		};
		CA5C89FD1F777073009431D6 /* word practice 01_wrong3 */ = {
			isa = PBXGroup;
			children = (
				CA5C89FE1F777073009431D6 /* Q01_wrong03_answer@2x.png */,
				CA5C89FF1F777073009431D6 /* Q01_wrong03_description_gif@2x.png */,
				CA5C8A001F777073009431D6 /* Q01_wrong03_gif@2x.gif */,
				CA5C8A011F777073009431D6 /* Q01_wrong03_text@2x.png */,
			);
			path = "word practice 01_wrong3";
			sourceTree = "<group>";
		};
		CA5C8A021F777073009431D6 /* word_practice_02 */ = {
			isa = PBXGroup;
			children = (
				CA5C8A031F777073009431D6 /* word practice 02 */,
				CA5C8A071F777073009431D6 /* word practice 02_correct1 */,
				CA5C8A0D1F777073009431D6 /* word practice 02_correct2~4 */,
				CA5C8A121F777073009431D6 /* word practice 02_correct5 */,
				CA5C8A161F777073009431D6 /* word practice 2_wrong */,
			);
			path = word_practice_02;
			sourceTree = "<group>";
		};
		CA5C8A031F777073009431D6 /* word practice 02 */ = {
			isa = PBXGroup;
			children = (
				CA5C8A041F777073009431D6 /* Q02_Gif@2x.png */,
				CA5C8A051F777073009431D6 /* Q02_sound_icon@2x.png */,
				CA5C8A061F777073009431D6 /* Q02_text01@2x.png */,
			);
			path = "word practice 02";
			sourceTree = "<group>";
		};
		CA5C8A071F777073009431D6 /* word practice 02_correct1 */ = {
			isa = PBXGroup;
			children = (
				CA5C8A081F777073009431D6 /* Q02_textbox@2x.png */,
				CA5C8A091F777073009431D6 /* Q02_textbox_frame@2x.png */,
				CA5C8A0A1F777073009431D6 /* Q02_textbox_text@2x.png */,
				CA5C8A0B1F777073009431D6 /* Voise_bg@2x.png */,
				CA5C8A0C1F777073009431D6 /* Voise_icon@2x.png */,
			);
			path = "word practice 02_correct1";
			sourceTree = "<group>";
		};
		CA5C8A0D1F777073009431D6 /* word practice 02_correct2~4 */ = {
			isa = PBXGroup;
			children = (
				CA5C8A0E1F777073009431D6 /* correct_tectbox_text@2x.png */,
				CA5C8A0F1F777073009431D6 /* voise_dot01@2x.png */,
				CA5C8A101F777073009431D6 /* voise_dot02@2x.png */,
				CA5C8A111F777073009431D6 /* voise_dot03@2x.png */,
			);
			path = "word practice 02_correct2~4";
			sourceTree = "<group>";
		};
		CA5C8A121F777073009431D6 /* word practice 02_correct5 */ = {
			isa = PBXGroup;
			children = (
				CA5C8A131F777073009431D6 /* Q02_correct_answer@2x.png */,
				CA5C8A141F777073009431D6 /* Q02_correct_gif@2x.gif */,
				CA5C8A151F777073009431D6 /* Q02_correct_text01@2x.png */,
			);
			path = "word practice 02_correct5";
			sourceTree = "<group>";
		};
		CA5C8A161F777073009431D6 /* word practice 2_wrong */ = {
			isa = PBXGroup;
			children = (
				CA5C8A171F777073009431D6 /* Q02_wrong01_gif@2x.gif */,
				CA5C8A181F777073009431D6 /* Q02_wrong01_text@2x.png */,
			);
			path = "word practice 2_wrong";
			sourceTree = "<group>";
		};
		CA5C8A191F777073009431D6 /* word_practice_03 */ = {
			isa = PBXGroup;
			children = (
				CA5C8A1A1F777073009431D6 /* correct */,
				CA5C8A1E1F777073009431D6 /* word practice 03 */,
				CA5C8A221F777073009431D6 /* wrong */,
			);
			path = word_practice_03;
			sourceTree = "<group>";
		};
		CA5C8A1A1F777073009431D6 /* correct */ = {
			isa = PBXGroup;
			children = (
				CA5C8A1B1F777073009431D6 /* Q03_correct_answer@2x.png */,
				CA5C8A1C1F777073009431D6 /* Q03_correct_gif@2x.gif */,
				CA5C8A1D1F777073009431D6 /* Q03_correct_text01@2x.png */,
			);
			path = correct;
			sourceTree = "<group>";
		};
		CA5C8A1E1F777073009431D6 /* word practice 03 */ = {
			isa = PBXGroup;
			children = (
				CA5C8A1F1F777073009431D6 /* new_keyboard.png */,
				CA5C8A201F777073009431D6 /* Q03_Gif@2x.png */,
				CA5C8A211F777073009431D6 /* Q03_text01@2x.png */,
			);
			path = "word practice 03";
			sourceTree = "<group>";
		};
		CA5C8A221F777073009431D6 /* wrong */ = {
			isa = PBXGroup;
			children = (
				CA5C8A231F777073009431D6 /* Q03_wrong01_gif@2x.gif */,
				CA5C8A241F777073009431D6 /* Q03_wrong01_text@2x.png */,
			);
			path = wrong;
			sourceTree = "<group>";
		};
		CA752A121F7CCCD900AE32B8 /* Audio */ = {
			isa = PBXGroup;
			children = (
				CA752A131F7CCCD900AE32B8 /* answer_correct.mp3 */,
				CA752A141F7CCCD900AE32B8 /* answer_wrong_1.mp3 */,
				CA752A151F7CCCD900AE32B8 /* choose_sound.mp3 */,
				CA752A161F7CCCD900AE32B8 /* forest-1.m4a */,
				CA752A171F7CCCD900AE32B8 /* send_sound.mp3 */,
				CA752A181F7CCCD900AE32B8 /* textballoon_sound.mp3 */,
			);
			path = Audio;
			sourceTree = "<group>";
		};
		CA8C37341F78CC4D00FDCB58 /* Managers */ = {
			isa = PBXGroup;
			children = (
				CA8C37351F78CC6300FDCB58 /* ContentManager.h */,
				CA8C37361F78CC6300FDCB58 /* ContentManager.m */,
			);
			path = Managers;
			sourceTree = "<group>";
		};
		F0DDC1FA4FA5F50BEC4ADDCF /* Frameworks */ = {
			isa = PBXGroup;
			children = (
				8662A7E38F8F05551FF3934A /* libPods-Chatory.a */,
				16D6A10C2C280FF7FE97B978 /* libPods-ChatoryTests.a */,
			);
			name = Frameworks;
			sourceTree = "<group>";
		};
/* End PBXGroup section */

/* Begin PBXNativeTarget section */
		CA0A26861F70AC4D00209E05 /* Chatory */ = {
			isa = PBXNativeTarget;
			buildConfigurationList = CA0A26A91F70AC4E00209E05 /* Build configuration list for PBXNativeTarget "Chatory" */;
			buildPhases = (
				88A664652072ECF8C202CFBF /* [CP] Check Pods Manifest.lock */,
				CA0A26831F70AC4D00209E05 /* Sources */,
				CA0A26841F70AC4D00209E05 /* Frameworks */,
				CA0A26851F70AC4D00209E05 /* Resources */,
				4FCA672B319BEAED5BB2C03A /* [CP] Embed Pods Frameworks */,
				CD0A2295DCD1FBEB1CF0BDF7 /* [CP] Copy Pods Resources */,
			);
			buildRules = (
			);
			dependencies = (
			);
			name = Chatory;
			productName = Chatory;
			productReference = CA0A26871F70AC4D00209E05 /* Chatory.app */;
			productType = "com.apple.product-type.application";
		};
		CA0A269F1F70AC4E00209E05 /* ChatoryTests */ = {
			isa = PBXNativeTarget;
			buildConfigurationList = CA0A26AC1F70AC4E00209E05 /* Build configuration list for PBXNativeTarget "ChatoryTests" */;
			buildPhases = (
				FC86594038D930D80782F146 /* [CP] Check Pods Manifest.lock */,
				CA0A269C1F70AC4E00209E05 /* Sources */,
				CA0A269D1F70AC4E00209E05 /* Frameworks */,
				CA0A269E1F70AC4E00209E05 /* Resources */,
				B139EBAFE117323A864AA52D /* [CP] Embed Pods Frameworks */,
				8FC606060B8D3790B5400CD8 /* [CP] Copy Pods Resources */,
			);
			buildRules = (
			);
			dependencies = (
				CA0A26A21F70AC4E00209E05 /* PBXTargetDependency */,
			);
			name = ChatoryTests;
			productName = ChatoryTests;
			productReference = CA0A26A01F70AC4E00209E05 /* ChatoryTests.xctest */;
			productType = "com.apple.product-type.bundle.unit-test";
		};
/* End PBXNativeTarget section */

/* Begin PBXProject section */
		CA0A267F1F70AC4D00209E05 /* Project object */ = {
			isa = PBXProject;
			attributes = {
				LastUpgradeCheck = 0900;
				ORGANIZATIONNAME = askstory;
				TargetAttributes = {
					CA0A26861F70AC4D00209E05 = {
						CreatedOnToolsVersion = 8.3.3;
						DevelopmentTeam = HXU23UYV46;
						ProvisioningStyle = Automatic;
					};
					CA0A269F1F70AC4E00209E05 = {
						CreatedOnToolsVersion = 8.3.3;
						DevelopmentTeam = HXU23UYV46;
						ProvisioningStyle = Automatic;
						TestTargetID = CA0A26861F70AC4D00209E05;
					};
				};
			};
			buildConfigurationList = CA0A26821F70AC4D00209E05 /* Build configuration list for PBXProject "Chatory" */;
			compatibilityVersion = "Xcode 3.2";
			developmentRegion = English;
			hasScannedForEncodings = 0;
			knownRegions = (
				en,
				Base,
			);
			mainGroup = CA0A267E1F70AC4D00209E05;
			productRefGroup = CA0A26881F70AC4D00209E05 /* Products */;
			projectDirPath = "";
			projectRoot = "";
			targets = (
				CA0A26861F70AC4D00209E05 /* Chatory */,
				CA0A269F1F70AC4E00209E05 /* ChatoryTests */,
			);
		};
/* End PBXProject section */

/* Begin PBXResourcesBuildPhase section */
		CA0A26851F70AC4D00209E05 /* Resources */ = {
			isa = PBXResourcesBuildPhase;
			buildActionMask = 2147483647;
			files = (
				CA752A191F7CCCE200AE32B8 /* answer_correct.mp3 in Resources */,
				CA752A1A1F7CCCE200AE32B8 /* answer_wrong_1.mp3 in Resources */,
				CA752A1B1F7CCCE200AE32B8 /* choose_sound.mp3 in Resources */,
				CA752A1C1F7CCCE200AE32B8 /* forest-1.m4a in Resources */,
				CA752A1D1F7CCCE200AE32B8 /* send_sound.mp3 in Resources */,
				CA752A1E1F7CCCE200AE32B8 /* textballoon_sound.mp3 in Resources */,
				CA752A0E1F7C7ECF00AE32B8 /* null_bubble@2x.png in Resources */,
				CA5C8A251F777624009431D6 /* Q01_correct.gif in Resources */,
				CA5C8A261F777624009431D6 /* Q01_wrong01.gif in Resources */,
				CA4FCBFA1F7B3D87005B97AF /* Chat_LoadingViewController.xib in Resources */,
				CA5C8A271F777624009431D6 /* Q01_wrong02.gif in Resources */,
				CA5C8A281F777624009431D6 /* Q01_wrong03.gif in Resources */,
				CADB756A1F78E5CE00B84433 /* UserAnswerViewController.xib in Resources */,
				CA5C8A2D1F777624009431D6 /* giphy.gif in Resources */,
				CA5C8A2E1F777624009431D6 /* Chatting_bg@2x.png in Resources */,
				CA5C8A2F1F777624009431D6 /* dot01.png in Resources */,
				CA5C8A301F777624009431D6 /* dot02.png in Resources */,
				CA5C8A311F777624009431D6 /* dot03.png in Resources */,
				CA5C8A321F777624009431D6 /* Q01_Gif@2x.png in Resources */,
				CA5C8A331F777624009431D6 /* Q01_text01@2x.png in Resources */,
				CA5C8A341F777624009431D6 /* Q01_text02@2x.png in Resources */,
				CA5C8A351F777624009431D6 /* Teacher_icon@2x.png in Resources */,
				CA5C8A361F777624009431D6 /* text_loading_box@2x.png in Resources */,
				CA5C8A371F777624009431D6 /* Textbox@2x.png in Resources */,
				CA5C8A381F777624009431D6 /* Textbox_frame@2x.png in Resources */,
				CA5C8A391F777624009431D6 /* Top_bar@2x.png in Resources */,
				CA5C8A3A1F777624009431D6 /* Top_bar_back@2x.png in Resources */,
				CA5C8A3B1F777624009431D6 /* Q01_selection01@2x.png in Resources */,
				CA5C8A3C1F777624009431D6 /* Q01_selection02@2x.png in Resources */,
				CA5C8A3D1F777624009431D6 /* Q01_selection03@2x.png in Resources */,
				CA5C8A3E1F777624009431D6 /* Q01_selection04@2x.png in Resources */,
				CA5C8A3F1F777624009431D6 /* Q01_sendE@2x.png in Resources */,
				CA5C8A401F777624009431D6 /* Q01_textbox@2x.png in Resources */,
				CA5C8A411F777624009431D6 /* Q01_textbox_frame@2x.png in Resources */,
				CA5C8A421F777624009431D6 /* Q01_textbox_text@2x.png in Resources */,
				CA5C8A431F777624009431D6 /* Q01_correct_answer@2x.png in Resources */,
				CA5C8A441F777624009431D6 /* Q01_correct_gif@2x.gif in Resources */,
				CA5C8A451F777624009431D6 /* Q01_correct_text01@2x.png in Resources */,
				CA5C8A461F777624009431D6 /* Q01_wrong01_answer@2x.png in Resources */,
				CA5C8A471F777624009431D6 /* Q01_wrong01_description_gif@2x.png in Resources */,
				CA5C8A481F777624009431D6 /* Q01_wrong01_gif@2x.gif in Resources */,
				CA5C8A491F777624009431D6 /* Q01_wrong01_text@2x.png in Resources */,
				CA5C8A4A1F777624009431D6 /* Q01_wrong02_answer@2x.png in Resources */,
				CA8C373F1F78D3EA00FDCB58 /* Chat_AnswerSheetViewController.xib in Resources */,
				CA5C8A4B1F777624009431D6 /* Q01_wrong02_description_gif@2x.png in Resources */,
				CA5C8A4C1F777624009431D6 /* Q01_wrong02_gif@2x.gif in Resources */,
				CA5C8A4D1F777624009431D6 /* Q01_wrong02_text@2x.png in Resources */,
				CA5C8A4E1F777624009431D6 /* Q01_wrong03_answer@2x.png in Resources */,
				CA5C8A4F1F777624009431D6 /* Q01_wrong03_description_gif@2x.png in Resources */,
				CA5C8A501F777624009431D6 /* Q01_wrong03_gif@2x.gif in Resources */,
				CA5C8A511F777624009431D6 /* Q01_wrong03_text@2x.png in Resources */,
				CA5C8A521F777624009431D6 /* Q02_Gif@2x.png in Resources */,
				CA5C8A531F777624009431D6 /* Q02_sound_icon@2x.png in Resources */,
				CA5C8A541F777624009431D6 /* Q02_text01@2x.png in Resources */,
				CA5C8A551F777624009431D6 /* Q02_textbox@2x.png in Resources */,
				CADB75741F78EBBA00B84433 /* Chat_AnswerReactionViewController.xib in Resources */,
				CA5C8A561F777624009431D6 /* Q02_textbox_frame@2x.png in Resources */,
				CA5C8A571F777624009431D6 /* Q02_textbox_text@2x.png in Resources */,
				CA5C8A581F777624009431D6 /* Voise_bg@2x.png in Resources */,
				CA5C8A591F777624009431D6 /* Voise_icon@2x.png in Resources */,
				CA5C8A5A1F777624009431D6 /* correct_tectbox_text@2x.png in Resources */,
				CA5C8A5B1F777624009431D6 /* voise_dot01@2x.png in Resources */,
				CA5C8A5C1F777624009431D6 /* voise_dot02@2x.png in Resources */,
				CA5C8A5D1F777624009431D6 /* voise_dot03@2x.png in Resources */,
				CA5C8A5E1F777624009431D6 /* Q02_correct_answer@2x.png in Resources */,
				CA5C8A5F1F777624009431D6 /* Q02_correct_gif@2x.gif in Resources */,
				CA5C8A601F777624009431D6 /* Q02_correct_text01@2x.png in Resources */,
				CA5C8A611F777624009431D6 /* Q02_wrong01_gif@2x.gif in Resources */,
				CA5C8A621F777624009431D6 /* Q02_wrong01_text@2x.png in Resources */,
				CA5C8A631F777624009431D6 /* Q03_correct_answer@2x.png in Resources */,
				CA5C8A641F777624009431D6 /* Q03_correct_gif@2x.gif in Resources */,
				CA5C8A651F777624009431D6 /* Q03_correct_text01@2x.png in Resources */,
				CA5C8A661F777624009431D6 /* new_keyboard.png in Resources */,
				CA5C8A671F777624009431D6 /* Q03_Gif@2x.png in Resources */,
				CA5C8A681F777624009431D6 /* Q03_text01@2x.png in Resources */,
				CA5C8A691F777624009431D6 /* Q03_wrong01_gif@2x.gif in Resources */,
				CA5C8A6A1F777624009431D6 /* Q03_wrong01_text@2x.png in Resources */,
				CA5C89CA1F74A8E1009431D6 /* Chat_QuestionViewController.xib in Resources */,
				CA0A269A1F70AC4E00209E05 /* LaunchScreen.storyboard in Resources */,
				CA0A26971F70AC4E00209E05 /* Assets.xcassets in Resources */,
				CA5C89491F748F50009431D6 /* ChatBot.storyboard in Resources */,
				CA0A26951F70AC4E00209E05 /* Main.storyboard in Resources */,
			);
			runOnlyForDeploymentPostprocessing = 0;
		};
		CA0A269E1F70AC4E00209E05 /* Resources */ = {
			isa = PBXResourcesBuildPhase;
			buildActionMask = 2147483647;
			files = (
			);
			runOnlyForDeploymentPostprocessing = 0;
		};
/* End PBXResourcesBuildPhase section */

/* Begin PBXShellScriptBuildPhase section */
		4FCA672B319BEAED5BB2C03A /* [CP] Embed Pods Frameworks */ = {
			isa = PBXShellScriptBuildPhase;
			buildActionMask = 2147483647;
			files = (
			);
			inputPaths = (
			);
			name = "[CP] Embed Pods Frameworks";
			outputPaths = (
			);
			runOnlyForDeploymentPostprocessing = 0;
			shellPath = /bin/sh;
			shellScript = "\"${SRCROOT}/Pods/Target Support Files/Pods-Chatory/Pods-Chatory-frameworks.sh\"\n";
			showEnvVarsInLog = 0;
		};
		88A664652072ECF8C202CFBF /* [CP] Check Pods Manifest.lock */ = {
			isa = PBXShellScriptBuildPhase;
			buildActionMask = 2147483647;
			files = (
			);
			inputPaths = (
				"${PODS_PODFILE_DIR_PATH}/Podfile.lock",
				"${PODS_ROOT}/Manifest.lock",
			);
			name = "[CP] Check Pods Manifest.lock";
			outputPaths = (
				"$(DERIVED_FILE_DIR)/Pods-Chatory-checkManifestLockResult.txt",
			);
			runOnlyForDeploymentPostprocessing = 0;
			shellPath = /bin/sh;
			shellScript = "diff \"${PODS_PODFILE_DIR_PATH}/Podfile.lock\" \"${PODS_ROOT}/Manifest.lock\" > /dev/null\nif [ $? != 0 ] ; then\n    # print error to STDERR\n    echo \"error: The sandbox is not in sync with the Podfile.lock. Run 'pod install' or update your CocoaPods installation.\" >&2\n    exit 1\nfi\n# This output is used by Xcode 'outputs' to avoid re-running this script phase.\necho \"SUCCESS\" > \"${SCRIPT_OUTPUT_FILE_0}\"\n";
			showEnvVarsInLog = 0;
		};
		8FC606060B8D3790B5400CD8 /* [CP] Copy Pods Resources */ = {
			isa = PBXShellScriptBuildPhase;
			buildActionMask = 2147483647;
			files = (
			);
			inputPaths = (
			);
			name = "[CP] Copy Pods Resources";
			outputPaths = (
			);
			runOnlyForDeploymentPostprocessing = 0;
			shellPath = /bin/sh;
			shellScript = "\"${SRCROOT}/Pods/Target Support Files/Pods-ChatoryTests/Pods-ChatoryTests-resources.sh\"\n";
			showEnvVarsInLog = 0;
		};
		B139EBAFE117323A864AA52D /* [CP] Embed Pods Frameworks */ = {
			isa = PBXShellScriptBuildPhase;
			buildActionMask = 2147483647;
			files = (
			);
			inputPaths = (
			);
			name = "[CP] Embed Pods Frameworks";
			outputPaths = (
			);
			runOnlyForDeploymentPostprocessing = 0;
			shellPath = /bin/sh;
			shellScript = "\"${SRCROOT}/Pods/Target Support Files/Pods-ChatoryTests/Pods-ChatoryTests-frameworks.sh\"\n";
			showEnvVarsInLog = 0;
		};
		CD0A2295DCD1FBEB1CF0BDF7 /* [CP] Copy Pods Resources */ = {
			isa = PBXShellScriptBuildPhase;
			buildActionMask = 2147483647;
			files = (
			);
			inputPaths = (
			);
			name = "[CP] Copy Pods Resources";
			outputPaths = (
			);
			runOnlyForDeploymentPostprocessing = 0;
			shellPath = /bin/sh;
			shellScript = "\"${SRCROOT}/Pods/Target Support Files/Pods-Chatory/Pods-Chatory-resources.sh\"\n";
			showEnvVarsInLog = 0;
		};
		FC86594038D930D80782F146 /* [CP] Check Pods Manifest.lock */ = {
			isa = PBXShellScriptBuildPhase;
			buildActionMask = 2147483647;
			files = (
			);
			inputPaths = (
				"${PODS_PODFILE_DIR_PATH}/Podfile.lock",
				"${PODS_ROOT}/Manifest.lock",
			);
			name = "[CP] Check Pods Manifest.lock";
			outputPaths = (
				"$(DERIVED_FILE_DIR)/Pods-ChatoryTests-checkManifestLockResult.txt",
			);
			runOnlyForDeploymentPostprocessing = 0;
			shellPath = /bin/sh;
			shellScript = "diff \"${PODS_PODFILE_DIR_PATH}/Podfile.lock\" \"${PODS_ROOT}/Manifest.lock\" > /dev/null\nif [ $? != 0 ] ; then\n    # print error to STDERR\n    echo \"error: The sandbox is not in sync with the Podfile.lock. Run 'pod install' or update your CocoaPods installation.\" >&2\n    exit 1\nfi\n# This output is used by Xcode 'outputs' to avoid re-running this script phase.\necho \"SUCCESS\" > \"${SCRIPT_OUTPUT_FILE_0}\"\n";
			showEnvVarsInLog = 0;
		};
/* End PBXShellScriptBuildPhase section */

/* Begin PBXSourcesBuildPhase section */
		CA0A26831F70AC4D00209E05 /* Sources */ = {
			isa = PBXSourcesBuildPhase;
			buildActionMask = 2147483647;
			files = (
				CA8C373E1F78D3EA00FDCB58 /* Chat_AnswerSheetViewController.m in Sources */,
				CA0A26B71F70F16400209E05 /* _DevViewController.m in Sources */,
				CA0A26B21F70F12A00209E05 /* ViewController.m in Sources */,
				CA4FCBFD1F7B40BD005B97AF /* TestChatLoadingViewController.m in Sources */,
				CA752A111F7C838F00AE32B8 /* ChatCellViewController.m in Sources */,
				CA0A268F1F70AC4D00209E05 /* AppDelegate.m in Sources */,
				CA39003E1F7A082E00343521 /* SoundViewController.m in Sources */,
				CA8C373A1F78CC7B00FDCB58 /* Content.m in Sources */,
				CA4FCBF51F7B306F005B97AF /* TestAnswerViewController.m in Sources */,
				CADB75731F78EBBA00B84433 /* Chat_AnswerReactionViewController.m in Sources */,
				CADB75691F78E5CE00B84433 /* UserAnswerViewController.m in Sources */,
				CA3900381F79E29400343521 /* TSSViewController.m in Sources */,
				CA0A268C1F70AC4D00209E05 /* main.m in Sources */,
				CA5C89C91F74A8E1009431D6 /* Chat_QuestionViewController.m in Sources */,
				CA0A26C81F71FAA100209E05 /* Question.m in Sources */,
				CA3900341F79D48200343521 /* CTSpeechRecognizer.m in Sources */,
				CA0A26CB1F71FB9600209E05 /* Teacher.m in Sources */,
				CA8C37371F78CC6300FDCB58 /* ContentManager.m in Sources */,
				CA4FCBF91F7B3D87005B97AF /* Chat_LoadingViewController.m in Sources */,
				CA0A26C21F71EA6000209E05 /* ChattingViewController.m in Sources */,
				CA0A26BC1F7113E600209E05 /* TeacherViewController.m in Sources */,
			);
			runOnlyForDeploymentPostprocessing = 0;
		};
		CA0A269C1F70AC4E00209E05 /* Sources */ = {
			isa = PBXSourcesBuildPhase;
			buildActionMask = 2147483647;
			files = (
				CA0A26A51F70AC4E00209E05 /* ChatoryTests.m in Sources */,
			);
			runOnlyForDeploymentPostprocessing = 0;
		};
/* End PBXSourcesBuildPhase section */

/* Begin PBXTargetDependency section */
		CA0A26A21F70AC4E00209E05 /* PBXTargetDependency */ = {
			isa = PBXTargetDependency;
			target = CA0A26861F70AC4D00209E05 /* Chatory */;
			targetProxy = CA0A26A11F70AC4E00209E05 /* PBXContainerItemProxy */;
		};
/* End PBXTargetDependency section */

/* Begin PBXVariantGroup section */
		CA0A26931F70AC4E00209E05 /* Main.storyboard */ = {
			isa = PBXVariantGroup;
			children = (
				CA0A26941F70AC4E00209E05 /* Base */,
			);
			name = Main.storyboard;
			sourceTree = "<group>";
		};
		CA0A26981F70AC4E00209E05 /* LaunchScreen.storyboard */ = {
			isa = PBXVariantGroup;
			children = (
				CA0A26991F70AC4E00209E05 /* Base */,
			);
			name = LaunchScreen.storyboard;
			sourceTree = "<group>";
		};
/* End PBXVariantGroup section */

/* Begin XCBuildConfiguration section */
		CA0A26A71F70AC4E00209E05 /* Debug */ = {
			isa = XCBuildConfiguration;
			buildSettings = {
				ALWAYS_SEARCH_USER_PATHS = NO;
				CLANG_ANALYZER_NONNULL = YES;
				CLANG_ANALYZER_NUMBER_OBJECT_CONVERSION = YES_AGGRESSIVE;
				CLANG_CXX_LANGUAGE_STANDARD = "gnu++0x";
				CLANG_CXX_LIBRARY = "libc++";
				CLANG_ENABLE_MODULES = YES;
				CLANG_ENABLE_OBJC_ARC = YES;
				CLANG_WARN_BLOCK_CAPTURE_AUTORELEASING = YES;
				CLANG_WARN_BOOL_CONVERSION = YES;
				CLANG_WARN_COMMA = YES;
				CLANG_WARN_CONSTANT_CONVERSION = YES;
				CLANG_WARN_DIRECT_OBJC_ISA_USAGE = YES_ERROR;
				CLANG_WARN_DOCUMENTATION_COMMENTS = YES;
				CLANG_WARN_EMPTY_BODY = YES;
				CLANG_WARN_ENUM_CONVERSION = YES;
				CLANG_WARN_INFINITE_RECURSION = YES;
				CLANG_WARN_INT_CONVERSION = YES;
				CLANG_WARN_NON_LITERAL_NULL_CONVERSION = YES;
				CLANG_WARN_OBJC_LITERAL_CONVERSION = YES;
				CLANG_WARN_OBJC_ROOT_CLASS = YES_ERROR;
				CLANG_WARN_RANGE_LOOP_ANALYSIS = YES;
				CLANG_WARN_STRICT_PROTOTYPES = YES;
				CLANG_WARN_SUSPICIOUS_MOVE = YES;
				CLANG_WARN_UNREACHABLE_CODE = YES;
				CLANG_WARN__DUPLICATE_METHOD_MATCH = YES;
				"CODE_SIGN_IDENTITY[sdk=iphoneos*]" = "iPhone Developer";
				COPY_PHASE_STRIP = NO;
				DEBUG_INFORMATION_FORMAT = dwarf;
				ENABLE_STRICT_OBJC_MSGSEND = YES;
				ENABLE_TESTABILITY = YES;
				GCC_C_LANGUAGE_STANDARD = gnu99;
				GCC_DYNAMIC_NO_PIC = NO;
				GCC_NO_COMMON_BLOCKS = YES;
				GCC_OPTIMIZATION_LEVEL = 0;
				GCC_PREPROCESSOR_DEFINITIONS = (
					"DEBUG=1",
					"$(inherited)",
				);
				GCC_WARN_64_TO_32_BIT_CONVERSION = YES;
				GCC_WARN_ABOUT_RETURN_TYPE = YES_ERROR;
				GCC_WARN_UNDECLARED_SELECTOR = YES;
				GCC_WARN_UNINITIALIZED_AUTOS = YES_AGGRESSIVE;
				GCC_WARN_UNUSED_FUNCTION = YES;
				GCC_WARN_UNUSED_VARIABLE = YES;
				IPHONEOS_DEPLOYMENT_TARGET = 10.3;
				MTL_ENABLE_DEBUG_INFO = YES;
				ONLY_ACTIVE_ARCH = YES;
				SDKROOT = iphoneos;
				TARGETED_DEVICE_FAMILY = "1,2";
			};
			name = Debug;
		};
		CA0A26A81F70AC4E00209E05 /* Release */ = {
			isa = XCBuildConfiguration;
			buildSettings = {
				ALWAYS_SEARCH_USER_PATHS = NO;
				CLANG_ANALYZER_NONNULL = YES;
				CLANG_ANALYZER_NUMBER_OBJECT_CONVERSION = YES_AGGRESSIVE;
				CLANG_CXX_LANGUAGE_STANDARD = "gnu++0x";
				CLANG_CXX_LIBRARY = "libc++";
				CLANG_ENABLE_MODULES = YES;
				CLANG_ENABLE_OBJC_ARC = YES;
				CLANG_WARN_BLOCK_CAPTURE_AUTORELEASING = YES;
				CLANG_WARN_BOOL_CONVERSION = YES;
				CLANG_WARN_COMMA = YES;
				CLANG_WARN_CONSTANT_CONVERSION = YES;
				CLANG_WARN_DIRECT_OBJC_ISA_USAGE = YES_ERROR;
				CLANG_WARN_DOCUMENTATION_COMMENTS = YES;
				CLANG_WARN_EMPTY_BODY = YES;
				CLANG_WARN_ENUM_CONVERSION = YES;
				CLANG_WARN_INFINITE_RECURSION = YES;
				CLANG_WARN_INT_CONVERSION = YES;
				CLANG_WARN_NON_LITERAL_NULL_CONVERSION = YES;
				CLANG_WARN_OBJC_LITERAL_CONVERSION = YES;
				CLANG_WARN_OBJC_ROOT_CLASS = YES_ERROR;
				CLANG_WARN_RANGE_LOOP_ANALYSIS = YES;
				CLANG_WARN_STRICT_PROTOTYPES = YES;
				CLANG_WARN_SUSPICIOUS_MOVE = YES;
				CLANG_WARN_UNREACHABLE_CODE = YES;
				CLANG_WARN__DUPLICATE_METHOD_MATCH = YES;
				"CODE_SIGN_IDENTITY[sdk=iphoneos*]" = "iPhone Developer";
				COPY_PHASE_STRIP = NO;
				DEBUG_INFORMATION_FORMAT = "dwarf-with-dsym";
				ENABLE_NS_ASSERTIONS = NO;
				ENABLE_STRICT_OBJC_MSGSEND = YES;
				GCC_C_LANGUAGE_STANDARD = gnu99;
				GCC_NO_COMMON_BLOCKS = YES;
				GCC_WARN_64_TO_32_BIT_CONVERSION = YES;
				GCC_WARN_ABOUT_RETURN_TYPE = YES_ERROR;
				GCC_WARN_UNDECLARED_SELECTOR = YES;
				GCC_WARN_UNINITIALIZED_AUTOS = YES_AGGRESSIVE;
				GCC_WARN_UNUSED_FUNCTION = YES;
				GCC_WARN_UNUSED_VARIABLE = YES;
				IPHONEOS_DEPLOYMENT_TARGET = 10.3;
				MTL_ENABLE_DEBUG_INFO = NO;
				SDKROOT = iphoneos;
				TARGETED_DEVICE_FAMILY = "1,2";
				VALIDATE_PRODUCT = YES;
			};
			name = Release;
		};
		CA0A26AA1F70AC4E00209E05 /* Debug */ = {
			isa = XCBuildConfiguration;
			baseConfigurationReference = 20F52252E8A76E65DF45364D /* Pods-Chatory.debug.xcconfig */;
			buildSettings = {
				ASSETCATALOG_COMPILER_APPICON_NAME = AppIcon;
				DEVELOPMENT_TEAM = HXU23UYV46;
				GCC_PREFIX_HEADER = "$(SRCROOT)/Chatory/Utils/PrefixHeader.pch";
				INFOPLIST_FILE = Chatory/Info.plist;
				IPHONEOS_DEPLOYMENT_TARGET = 10.0;
				LD_RUNPATH_SEARCH_PATHS = "$(inherited) @executable_path/Frameworks";
				PRODUCT_BUNDLE_IDENTIFIER = com.Fermata.Chatory;
				PRODUCT_NAME = "$(TARGET_NAME)";
			};
			name = Debug;
		};
		CA0A26AB1F70AC4E00209E05 /* Release */ = {
			isa = XCBuildConfiguration;
			baseConfigurationReference = 5CA7A44A4D0C1113D48C12F4 /* Pods-Chatory.release.xcconfig */;
			buildSettings = {
				ASSETCATALOG_COMPILER_APPICON_NAME = AppIcon;
				DEVELOPMENT_TEAM = HXU23UYV46;
				GCC_PREFIX_HEADER = "$(SRCROOT)/Chatory/Utils/PrefixHeader.pch";
				INFOPLIST_FILE = Chatory/Info.plist;
				IPHONEOS_DEPLOYMENT_TARGET = 10.0;
				LD_RUNPATH_SEARCH_PATHS = "$(inherited) @executable_path/Frameworks";
				PRODUCT_BUNDLE_IDENTIFIER = com.Fermata.Chatory;
				PRODUCT_NAME = "$(TARGET_NAME)";
			};
			name = Release;
		};
		CA0A26AD1F70AC4E00209E05 /* Debug */ = {
			isa = XCBuildConfiguration;
			baseConfigurationReference = DB5CBA1496E1B953F9510377 /* Pods-ChatoryTests.debug.xcconfig */;
			buildSettings = {
				BUNDLE_LOADER = "$(TEST_HOST)";
				DEVELOPMENT_TEAM = HXU23UYV46;
				INFOPLIST_FILE = ChatoryTests/Info.plist;
				LD_RUNPATH_SEARCH_PATHS = "$(inherited) @executable_path/Frameworks @loader_path/Frameworks";
				PRODUCT_BUNDLE_IDENTIFIER = com.AskStroy.ChatoryTests;
				PRODUCT_NAME = "$(TARGET_NAME)";
				TEST_HOST = "$(BUILT_PRODUCTS_DIR)/Chatory.app/Chatory";
			};
			name = Debug;
		};
		CA0A26AE1F70AC4E00209E05 /* Release */ = {
			isa = XCBuildConfiguration;
			baseConfigurationReference = 0F8386A899253588B7A75932 /* Pods-ChatoryTests.release.xcconfig */;
			buildSettings = {
				BUNDLE_LOADER = "$(TEST_HOST)";
				DEVELOPMENT_TEAM = HXU23UYV46;
				INFOPLIST_FILE = ChatoryTests/Info.plist;
				LD_RUNPATH_SEARCH_PATHS = "$(inherited) @executable_path/Frameworks @loader_path/Frameworks";
				PRODUCT_BUNDLE_IDENTIFIER = com.AskStroy.ChatoryTests;
				PRODUCT_NAME = "$(TARGET_NAME)";
				TEST_HOST = "$(BUILT_PRODUCTS_DIR)/Chatory.app/Chatory";
			};
			name = Release;
		};
/* End XCBuildConfiguration section */

/* Begin XCConfigurationList section */
		CA0A26821F70AC4D00209E05 /* Build configuration list for PBXProject "Chatory" */ = {
			isa = XCConfigurationList;
			buildConfigurations = (
				CA0A26A71F70AC4E00209E05 /* Debug */,
				CA0A26A81F70AC4E00209E05 /* Release */,
			);
			defaultConfigurationIsVisible = 0;
			defaultConfigurationName = Release;
		};
		CA0A26A91F70AC4E00209E05 /* Build configuration list for PBXNativeTarget "Chatory" */ = {
			isa = XCConfigurationList;
			buildConfigurations = (
				CA0A26AA1F70AC4E00209E05 /* Debug */,
				CA0A26AB1F70AC4E00209E05 /* Release */,
			);
			defaultConfigurationIsVisible = 0;
			defaultConfigurationName = Release;
		};
		CA0A26AC1F70AC4E00209E05 /* Build configuration list for PBXNativeTarget "ChatoryTests" */ = {
			isa = XCConfigurationList;
			buildConfigurations = (
				CA0A26AD1F70AC4E00209E05 /* Debug */,
				CA0A26AE1F70AC4E00209E05 /* Release */,
			);
			defaultConfigurationIsVisible = 0;
			defaultConfigurationName = Release;
		};
/* End XCConfigurationList section */
	};
	rootObject = CA0A267F1F70AC4D00209E05 /* Project object */;
}
