// !$*UTF8*$!
{
	archiveVersion = 1;
	classes = {
	};
	objectVersion = 46;
	objects = {

/* Begin PBXBuildFile section */
		5664F3E4C8928B533E1E3B8A /* libPods-Chatory.a in Frameworks */ = {isa = PBXBuildFile; fileRef = 8662A7E38F8F05551FF3934A /* libPods-Chatory.a */; };
		A65FDA2248AABCAC42D4081B /* libPods-ChatoryTests.a in Frameworks */ = {isa = PBXBuildFile; fileRef = 16D6A10C2C280FF7FE97B978 /* libPods-ChatoryTests.a */; };
		CA0A268C1F70AC4D00209E05 /* main.m in Sources */ = {isa = PBXBuildFile; fileRef = CA0A268B1F70AC4D00209E05 /* main.m */; };
		CA0A268F1F70AC4D00209E05 /* AppDelegate.m in Sources */ = {isa = PBXBuildFile; fileRef = CA0A268E1F70AC4D00209E05 /* AppDelegate.m */; };
		CA0A26951F70AC4E00209E05 /* Main.storyboard in Resources */ = {isa = PBXBuildFile; fileRef = CA0A26931F70AC4E00209E05 /* Main.storyboard */; };
		CA0A26971F70AC4E00209E05 /* Assets.xcassets in Resources */ = {isa = PBXBuildFile; fileRef = CA0A26961F70AC4E00209E05 /* Assets.xcassets */; };
		CA0A269A1F70AC4E00209E05 /* LaunchScreen.storyboard in Resources */ = {isa = PBXBuildFile; fileRef = CA0A26981F70AC4E00209E05 /* LaunchScreen.storyboard */; };
		CA0A26A51F70AC4E00209E05 /* ChatoryTests.m in Sources */ = {isa = PBXBuildFile; fileRef = CA0A26A41F70AC4E00209E05 /* ChatoryTests.m */; };
		CA0A26B21F70F12A00209E05 /* ViewController.m in Sources */ = {isa = PBXBuildFile; fileRef = CA0A26B11F70F12A00209E05 /* ViewController.m */; };
		CA0A26B71F70F16400209E05 /* _DevViewController.m in Sources */ = {isa = PBXBuildFile; fileRef = CA0A26B61F70F16400209E05 /* _DevViewController.m */; };
		CA0A26BC1F7113E600209E05 /* TeacherViewController.m in Sources */ = {isa = PBXBuildFile; fileRef = CA0A26BB1F7113E600209E05 /* TeacherViewController.m */; };
		CA0A26BE1F71263900209E05 /* Podfile in Resources */ = {isa = PBXBuildFile; fileRef = CA0A26BD1F71263900209E05 /* Podfile */; };
/* End PBXBuildFile section */

/* Begin PBXContainerItemProxy section */
		CA0A26A11F70AC4E00209E05 /* PBXContainerItemProxy */ = {
			isa = PBXContainerItemProxy;
			containerPortal = CA0A267F1F70AC4D00209E05 /* Project object */;
			proxyType = 1;
			remoteGlobalIDString = CA0A26861F70AC4D00209E05;
			remoteInfo = Chatory;
		};
/* End PBXContainerItemProxy section */

/* Begin PBXFileReference section */
		0F8386A899253588B7A75932 /* Pods-ChatoryTests.release.xcconfig */ = {isa = PBXFileReference; includeInIndex = 1; lastKnownFileType = text.xcconfig; name = "Pods-ChatoryTests.release.xcconfig"; path = "Pods/Target Support Files/Pods-ChatoryTests/Pods-ChatoryTests.release.xcconfig"; sourceTree = "<group>"; };
		16D6A10C2C280FF7FE97B978 /* libPods-ChatoryTests.a */ = {isa = PBXFileReference; explicitFileType = archive.ar; includeInIndex = 0; path = "libPods-ChatoryTests.a"; sourceTree = BUILT_PRODUCTS_DIR; };
		20F52252E8A76E65DF45364D /* Pods-Chatory.debug.xcconfig */ = {isa = PBXFileReference; includeInIndex = 1; lastKnownFileType = text.xcconfig; name = "Pods-Chatory.debug.xcconfig"; path = "Pods/Target Support Files/Pods-Chatory/Pods-Chatory.debug.xcconfig"; sourceTree = "<group>"; };
		5CA7A44A4D0C1113D48C12F4 /* Pods-Chatory.release.xcconfig */ = {isa = PBXFileReference; includeInIndex = 1; lastKnownFileType = text.xcconfig; name = "Pods-Chatory.release.xcconfig"; path = "Pods/Target Support Files/Pods-Chatory/Pods-Chatory.release.xcconfig"; sourceTree = "<group>"; };
		8662A7E38F8F05551FF3934A /* libPods-Chatory.a */ = {isa = PBXFileReference; explicitFileType = archive.ar; includeInIndex = 0; path = "libPods-Chatory.a"; sourceTree = BUILT_PRODUCTS_DIR; };
		CA0A26871F70AC4D00209E05 /* Chatory.app */ = {isa = PBXFileReference; explicitFileType = wrapper.application; includeInIndex = 0; path = Chatory.app; sourceTree = BUILT_PRODUCTS_DIR; };
		CA0A268B1F70AC4D00209E05 /* main.m */ = {isa = PBXFileReference; lastKnownFileType = sourcecode.c.objc; path = main.m; sourceTree = "<group>"; };
		CA0A268D1F70AC4D00209E05 /* AppDelegate.h */ = {isa = PBXFileReference; lastKnownFileType = sourcecode.c.h; path = AppDelegate.h; sourceTree = "<group>"; };
		CA0A268E1F70AC4D00209E05 /* AppDelegate.m */ = {isa = PBXFileReference; lastKnownFileType = sourcecode.c.objc; path = AppDelegate.m; sourceTree = "<group>"; };
		CA0A26941F70AC4E00209E05 /* Base */ = {isa = PBXFileReference; lastKnownFileType = file.storyboard; name = Base; path = Base.lproj/Main.storyboard; sourceTree = "<group>"; };
		CA0A26961F70AC4E00209E05 /* Assets.xcassets */ = {isa = PBXFileReference; lastKnownFileType = folder.assetcatalog; path = Assets.xcassets; sourceTree = "<group>"; };
		CA0A26991F70AC4E00209E05 /* Base */ = {isa = PBXFileReference; lastKnownFileType = file.storyboard; name = Base; path = Base.lproj/LaunchScreen.storyboard; sourceTree = "<group>"; };
		CA0A269B1F70AC4E00209E05 /* Info.plist */ = {isa = PBXFileReference; lastKnownFileType = text.plist.xml; path = Info.plist; sourceTree = "<group>"; };
		CA0A26A01F70AC4E00209E05 /* ChatoryTests.xctest */ = {isa = PBXFileReference; explicitFileType = wrapper.cfbundle; includeInIndex = 0; path = ChatoryTests.xctest; sourceTree = BUILT_PRODUCTS_DIR; };
		CA0A26A41F70AC4E00209E05 /* ChatoryTests.m */ = {isa = PBXFileReference; lastKnownFileType = sourcecode.c.objc; path = ChatoryTests.m; sourceTree = "<group>"; };
		CA0A26A61F70AC4E00209E05 /* Info.plist */ = {isa = PBXFileReference; lastKnownFileType = text.plist.xml; path = Info.plist; sourceTree = "<group>"; };
		CA0A26B01F70F12A00209E05 /* ViewController.h */ = {isa = PBXFileReference; fileEncoding = 4; lastKnownFileType = sourcecode.c.h; path = ViewController.h; sourceTree = "<group>"; };
		CA0A26B11F70F12A00209E05 /* ViewController.m */ = {isa = PBXFileReference; fileEncoding = 4; lastKnownFileType = sourcecode.c.objc; path = ViewController.m; sourceTree = "<group>"; };
		CA0A26B51F70F16400209E05 /* _DevViewController.h */ = {isa = PBXFileReference; fileEncoding = 4; lastKnownFileType = sourcecode.c.h; path = _DevViewController.h; sourceTree = "<group>"; };
		CA0A26B61F70F16400209E05 /* _DevViewController.m */ = {isa = PBXFileReference; fileEncoding = 4; lastKnownFileType = sourcecode.c.objc; path = _DevViewController.m; sourceTree = "<group>"; };
		CA0A26B91F70F41D00209E05 /* PrefixHeader.pch */ = {isa = PBXFileReference; lastKnownFileType = sourcecode.c.h; path = PrefixHeader.pch; sourceTree = "<group>"; };
		CA0A26BA1F7113E600209E05 /* TeacherViewController.h */ = {isa = PBXFileReference; fileEncoding = 4; lastKnownFileType = sourcecode.c.h; path = TeacherViewController.h; sourceTree = "<group>"; };
		CA0A26BB1F7113E600209E05 /* TeacherViewController.m */ = {isa = PBXFileReference; fileEncoding = 4; lastKnownFileType = sourcecode.c.objc; path = TeacherViewController.m; sourceTree = "<group>"; };
		CA0A26BD1F71263900209E05 /* Podfile */ = {isa = PBXFileReference; fileEncoding = 4; lastKnownFileType = text; path = Podfile; sourceTree = "<group>"; };
		DB5CBA1496E1B953F9510377 /* Pods-ChatoryTests.debug.xcconfig */ = {isa = PBXFileReference; includeInIndex = 1; lastKnownFileType = text.xcconfig; name = "Pods-ChatoryTests.debug.xcconfig"; path = "Pods/Target Support Files/Pods-ChatoryTests/Pods-ChatoryTests.debug.xcconfig"; sourceTree = "<group>"; };
/* End PBXFileReference section */

/* Begin PBXFrameworksBuildPhase section */
		CA0A26841F70AC4D00209E05 /* Frameworks */ = {
			isa = PBXFrameworksBuildPhase;
			buildActionMask = 2147483647;
			files = (
				5664F3E4C8928B533E1E3B8A /* libPods-Chatory.a in Frameworks */,
			);
			runOnlyForDeploymentPostprocessing = 0;
		};
		CA0A269D1F70AC4E00209E05 /* Frameworks */ = {
			isa = PBXFrameworksBuildPhase;
			buildActionMask = 2147483647;
			files = (
				A65FDA2248AABCAC42D4081B /* libPods-ChatoryTests.a in Frameworks */,
			);
			runOnlyForDeploymentPostprocessing = 0;
		};
/* End PBXFrameworksBuildPhase section */

/* Begin PBXGroup section */
		3376AABC155F9960419FEF44 /* Pods */ = {
			isa = PBXGroup;
			children = (
				20F52252E8A76E65DF45364D /* Pods-Chatory.debug.xcconfig */,
				5CA7A44A4D0C1113D48C12F4 /* Pods-Chatory.release.xcconfig */,
				DB5CBA1496E1B953F9510377 /* Pods-ChatoryTests.debug.xcconfig */,
				0F8386A899253588B7A75932 /* Pods-ChatoryTests.release.xcconfig */,
			);
			name = Pods;
			sourceTree = "<group>";
		};
		CA0A267E1F70AC4D00209E05 = {
			isa = PBXGroup;
			children = (
				CA0A26BD1F71263900209E05 /* Podfile */,
				CA0A26891F70AC4D00209E05 /* Chatory */,
				CA0A26A31F70AC4E00209E05 /* ChatoryTests */,
				CA0A26881F70AC4D00209E05 /* Products */,
				3376AABC155F9960419FEF44 /* Pods */,
				F0DDC1FA4FA5F50BEC4ADDCF /* Frameworks */,
			);
			sourceTree = "<group>";
		};
		CA0A26881F70AC4D00209E05 /* Products */ = {
			isa = PBXGroup;
			children = (
				CA0A26871F70AC4D00209E05 /* Chatory.app */,
				CA0A26A01F70AC4E00209E05 /* ChatoryTests.xctest */,
			);
			name = Products;
			sourceTree = "<group>";
		};
		CA0A26891F70AC4D00209E05 /* Chatory */ = {
			isa = PBXGroup;
			children = (
				CA0A26B31F70F14200209E05 /* DataModel */,
				CA0A26B41F70F14300209E05 /* Objects */,
				CA0A26AF1F70F12A00209E05 /* ViewControllers */,
				CA0A268D1F70AC4D00209E05 /* AppDelegate.h */,
				CA0A268E1F70AC4D00209E05 /* AppDelegate.m */,
				CA0A26931F70AC4E00209E05 /* Main.storyboard */,
				CA0A26961F70AC4E00209E05 /* Assets.xcassets */,
				CA0A26981F70AC4E00209E05 /* LaunchScreen.storyboard */,
				CA0A269B1F70AC4E00209E05 /* Info.plist */,
				CA0A268A1F70AC4D00209E05 /* Supporting Files */,
			);
			path = Chatory;
			sourceTree = "<group>";
		};
		CA0A268A1F70AC4D00209E05 /* Supporting Files */ = {
			isa = PBXGroup;
			children = (
				CA0A26B81F70F40A00209E05 /* Utils */,
				CA0A268B1F70AC4D00209E05 /* main.m */,
			);
			name = "Supporting Files";
			sourceTree = "<group>";
		};
		CA0A26A31F70AC4E00209E05 /* ChatoryTests */ = {
			isa = PBXGroup;
			children = (
				CA0A26A41F70AC4E00209E05 /* ChatoryTests.m */,
				CA0A26A61F70AC4E00209E05 /* Info.plist */,
			);
			path = ChatoryTests;
			sourceTree = "<group>";
		};
		CA0A26AF1F70F12A00209E05 /* ViewControllers */ = {
			isa = PBXGroup;
			children = (
				CA0A26B51F70F16400209E05 /* _DevViewController.h */,
				CA0A26B61F70F16400209E05 /* _DevViewController.m */,
				CA0A26B01F70F12A00209E05 /* ViewController.h */,
				CA0A26B11F70F12A00209E05 /* ViewController.m */,
				CA0A26BA1F7113E600209E05 /* TeacherViewController.h */,
				CA0A26BB1F7113E600209E05 /* TeacherViewController.m */,
			);
			path = ViewControllers;
			sourceTree = "<group>";
		};
		CA0A26B31F70F14200209E05 /* DataModel */ = {
			isa = PBXGroup;
			children = (
			);
			path = DataModel;
			sourceTree = "<group>";
		};
		CA0A26B41F70F14300209E05 /* Objects */ = {
			isa = PBXGroup;
			children = (
			);
			path = Objects;
			sourceTree = "<group>";
		};
		CA0A26B81F70F40A00209E05 /* Utils */ = {
			isa = PBXGroup;
			children = (
				CA0A26B91F70F41D00209E05 /* PrefixHeader.pch */,
			);
			path = Utils;
			sourceTree = "<group>";
		};
		F0DDC1FA4FA5F50BEC4ADDCF /* Frameworks */ = {
			isa = PBXGroup;
			children = (
				8662A7E38F8F05551FF3934A /* libPods-Chatory.a */,
				16D6A10C2C280FF7FE97B978 /* libPods-ChatoryTests.a */,
			);
			name = Frameworks;
			sourceTree = "<group>";
		};
/* End PBXGroup section */

/* Begin PBXNativeTarget section */
		CA0A26861F70AC4D00209E05 /* Chatory */ = {
			isa = PBXNativeTarget;
			buildConfigurationList = CA0A26A91F70AC4E00209E05 /* Build configuration list for PBXNativeTarget "Chatory" */;
			buildPhases = (
				88A664652072ECF8C202CFBF /* [CP] Check Pods Manifest.lock */,
				CA0A26831F70AC4D00209E05 /* Sources */,
				CA0A26841F70AC4D00209E05 /* Frameworks */,
				CA0A26851F70AC4D00209E05 /* Resources */,
				4FCA672B319BEAED5BB2C03A /* [CP] Embed Pods Frameworks */,
				CD0A2295DCD1FBEB1CF0BDF7 /* [CP] Copy Pods Resources */,
			);
			buildRules = (
			);
			dependencies = (
			);
			name = Chatory;
			productName = Chatory;
			productReference = CA0A26871F70AC4D00209E05 /* Chatory.app */;
			productType = "com.apple.product-type.application";
		};
		CA0A269F1F70AC4E00209E05 /* ChatoryTests */ = {
			isa = PBXNativeTarget;
			buildConfigurationList = CA0A26AC1F70AC4E00209E05 /* Build configuration list for PBXNativeTarget "ChatoryTests" */;
			buildPhases = (
				FC86594038D930D80782F146 /* [CP] Check Pods Manifest.lock */,
				CA0A269C1F70AC4E00209E05 /* Sources */,
				CA0A269D1F70AC4E00209E05 /* Frameworks */,
				CA0A269E1F70AC4E00209E05 /* Resources */,
				B139EBAFE117323A864AA52D /* [CP] Embed Pods Frameworks */,
				8FC606060B8D3790B5400CD8 /* [CP] Copy Pods Resources */,
			);
			buildRules = (
			);
			dependencies = (
				CA0A26A21F70AC4E00209E05 /* PBXTargetDependency */,
			);
			name = ChatoryTests;
			productName = ChatoryTests;
			productReference = CA0A26A01F70AC4E00209E05 /* ChatoryTests.xctest */;
			productType = "com.apple.product-type.bundle.unit-test";
		};
/* End PBXNativeTarget section */

/* Begin PBXProject section */
		CA0A267F1F70AC4D00209E05 /* Project object */ = {
			isa = PBXProject;
			attributes = {
				LastUpgradeCheck = 0830;
				ORGANIZATIONNAME = askstory;
				TargetAttributes = {
					CA0A26861F70AC4D00209E05 = {
						CreatedOnToolsVersion = 8.3.3;
						DevelopmentTeam = HXU23UYV46;
						ProvisioningStyle = Automatic;
					};
					CA0A269F1F70AC4E00209E05 = {
						CreatedOnToolsVersion = 8.3.3;
						DevelopmentTeam = HXU23UYV46;
						ProvisioningStyle = Automatic;
						TestTargetID = CA0A26861F70AC4D00209E05;
					};
				};
			};
			buildConfigurationList = CA0A26821F70AC4D00209E05 /* Build configuration list for PBXProject "Chatory" */;
			compatibilityVersion = "Xcode 3.2";
			developmentRegion = English;
			hasScannedForEncodings = 0;
			knownRegions = (
				en,
				Base,
			);
			mainGroup = CA0A267E1F70AC4D00209E05;
			productRefGroup = CA0A26881F70AC4D00209E05 /* Products */;
			projectDirPath = "";
			projectRoot = "";
			targets = (
				CA0A26861F70AC4D00209E05 /* Chatory */,
				CA0A269F1F70AC4E00209E05 /* ChatoryTests */,
			);
		};
/* End PBXProject section */

/* Begin PBXResourcesBuildPhase section */
		CA0A26851F70AC4D00209E05 /* Resources */ = {
			isa = PBXResourcesBuildPhase;
			buildActionMask = 2147483647;
			files = (
				CA0A269A1F70AC4E00209E05 /* LaunchScreen.storyboard in Resources */,
				CA0A26971F70AC4E00209E05 /* Assets.xcassets in Resources */,
				CA0A26BE1F71263900209E05 /* Podfile in Resources */,
				CA0A26951F70AC4E00209E05 /* Main.storyboard in Resources */,
			);
			runOnlyForDeploymentPostprocessing = 0;
		};
		CA0A269E1F70AC4E00209E05 /* Resources */ = {
			isa = PBXResourcesBuildPhase;
			buildActionMask = 2147483647;
			files = (
			);
			runOnlyForDeploymentPostprocessing = 0;
		};
/* End PBXResourcesBuildPhase section */

/* Begin PBXShellScriptBuildPhase section */
		4FCA672B319BEAED5BB2C03A /* [CP] Embed Pods Frameworks */ = {
			isa = PBXShellScriptBuildPhase;
			buildActionMask = 2147483647;
			files = (
			);
			inputPaths = (
			);
			name = "[CP] Embed Pods Frameworks";
			outputPaths = (
			);
			runOnlyForDeploymentPostprocessing = 0;
			shellPath = /bin/sh;
			shellScript = "\"${SRCROOT}/Pods/Target Support Files/Pods-Chatory/Pods-Chatory-frameworks.sh\"\n";
			showEnvVarsInLog = 0;
		};
		88A664652072ECF8C202CFBF /* [CP] Check Pods Manifest.lock */ = {
			isa = PBXShellScriptBuildPhase;
			buildActionMask = 2147483647;
			files = (
			);
			inputPaths = (
				"${PODS_PODFILE_DIR_PATH}/Podfile.lock",
				"${PODS_ROOT}/Manifest.lock",
			);
			name = "[CP] Check Pods Manifest.lock";
			outputPaths = (
				"$(DERIVED_FILE_DIR)/Pods-Chatory-checkManifestLockResult.txt",
			);
			runOnlyForDeploymentPostprocessing = 0;
			shellPath = /bin/sh;
			shellScript = "diff \"${PODS_PODFILE_DIR_PATH}/Podfile.lock\" \"${PODS_ROOT}/Manifest.lock\" > /dev/null\nif [ $? != 0 ] ; then\n    # print error to STDERR\n    echo \"error: The sandbox is not in sync with the Podfile.lock. Run 'pod install' or update your CocoaPods installation.\" >&2\n    exit 1\nfi\n# This output is used by Xcode 'outputs' to avoid re-running this script phase.\necho \"SUCCESS\" > \"${SCRIPT_OUTPUT_FILE_0}\"\n";
			showEnvVarsInLog = 0;
		};
		8FC606060B8D3790B5400CD8 /* [CP] Copy Pods Resources */ = {
			isa = PBXShellScriptBuildPhase;
			buildActionMask = 2147483647;
			files = (
			);
			inputPaths = (
			);
			name = "[CP] Copy Pods Resources";
			outputPaths = (
			);
			runOnlyForDeploymentPostprocessing = 0;
			shellPath = /bin/sh;
			shellScript = "\"${SRCROOT}/Pods/Target Support Files/Pods-ChatoryTests/Pods-ChatoryTests-resources.sh\"\n";
			showEnvVarsInLog = 0;
		};
		B139EBAFE117323A864AA52D /* [CP] Embed Pods Frameworks */ = {
			isa = PBXShellScriptBuildPhase;
			buildActionMask = 2147483647;
			files = (
			);
			inputPaths = (
			);
			name = "[CP] Embed Pods Frameworks";
			outputPaths = (
			);
			runOnlyForDeploymentPostprocessing = 0;
			shellPath = /bin/sh;
			shellScript = "\"${SRCROOT}/Pods/Target Support Files/Pods-ChatoryTests/Pods-ChatoryTests-frameworks.sh\"\n";
			showEnvVarsInLog = 0;
		};
		CD0A2295DCD1FBEB1CF0BDF7 /* [CP] Copy Pods Resources */ = {
			isa = PBXShellScriptBuildPhase;
			buildActionMask = 2147483647;
			files = (
			);
			inputPaths = (
			);
			name = "[CP] Copy Pods Resources";
			outputPaths = (
			);
			runOnlyForDeploymentPostprocessing = 0;
			shellPath = /bin/sh;
			shellScript = "\"${SRCROOT}/Pods/Target Support Files/Pods-Chatory/Pods-Chatory-resources.sh\"\n";
			showEnvVarsInLog = 0;
		};
		FC86594038D930D80782F146 /* [CP] Check Pods Manifest.lock */ = {
			isa = PBXShellScriptBuildPhase;
			buildActionMask = 2147483647;
			files = (
			);
			inputPaths = (
				"${PODS_PODFILE_DIR_PATH}/Podfile.lock",
				"${PODS_ROOT}/Manifest.lock",
			);
			name = "[CP] Check Pods Manifest.lock";
			outputPaths = (
				"$(DERIVED_FILE_DIR)/Pods-ChatoryTests-checkManifestLockResult.txt",
			);
			runOnlyForDeploymentPostprocessing = 0;
			shellPath = /bin/sh;
			shellScript = "diff \"${PODS_PODFILE_DIR_PATH}/Podfile.lock\" \"${PODS_ROOT}/Manifest.lock\" > /dev/null\nif [ $? != 0 ] ; then\n    # print error to STDERR\n    echo \"error: The sandbox is not in sync with the Podfile.lock. Run 'pod install' or update your CocoaPods installation.\" >&2\n    exit 1\nfi\n# This output is used by Xcode 'outputs' to avoid re-running this script phase.\necho \"SUCCESS\" > \"${SCRIPT_OUTPUT_FILE_0}\"\n";
			showEnvVarsInLog = 0;
		};
/* End PBXShellScriptBuildPhase section */

/* Begin PBXSourcesBuildPhase section */
		CA0A26831F70AC4D00209E05 /* Sources */ = {
			isa = PBXSourcesBuildPhase;
			buildActionMask = 2147483647;
			files = (
				CA0A26B71F70F16400209E05 /* _DevViewController.m in Sources */,
				CA0A26B21F70F12A00209E05 /* ViewController.m in Sources */,
				CA0A268F1F70AC4D00209E05 /* AppDelegate.m in Sources */,
				CA0A268C1F70AC4D00209E05 /* main.m in Sources */,
				CA0A26BC1F7113E600209E05 /* TeacherViewController.m in Sources */,
			);
			runOnlyForDeploymentPostprocessing = 0;
		};
		CA0A269C1F70AC4E00209E05 /* Sources */ = {
			isa = PBXSourcesBuildPhase;
			buildActionMask = 2147483647;
			files = (
				CA0A26A51F70AC4E00209E05 /* ChatoryTests.m in Sources */,
			);
			runOnlyForDeploymentPostprocessing = 0;
		};
/* End PBXSourcesBuildPhase section */

/* Begin PBXTargetDependency section */
		CA0A26A21F70AC4E00209E05 /* PBXTargetDependency */ = {
			isa = PBXTargetDependency;
			target = CA0A26861F70AC4D00209E05 /* Chatory */;
			targetProxy = CA0A26A11F70AC4E00209E05 /* PBXContainerItemProxy */;
		};
/* End PBXTargetDependency section */

/* Begin PBXVariantGroup section */
		CA0A26931F70AC4E00209E05 /* Main.storyboard */ = {
			isa = PBXVariantGroup;
			children = (
				CA0A26941F70AC4E00209E05 /* Base */,
			);
			name = Main.storyboard;
			sourceTree = "<group>";
		};
		CA0A26981F70AC4E00209E05 /* LaunchScreen.storyboard */ = {
			isa = PBXVariantGroup;
			children = (
				CA0A26991F70AC4E00209E05 /* Base */,
			);
			name = LaunchScreen.storyboard;
			sourceTree = "<group>";
		};
/* End PBXVariantGroup section */

/* Begin XCBuildConfiguration section */
		CA0A26A71F70AC4E00209E05 /* Debug */ = {
			isa = XCBuildConfiguration;
			buildSettings = {
				ALWAYS_SEARCH_USER_PATHS = NO;
				CLANG_ANALYZER_NONNULL = YES;
				CLANG_ANALYZER_NUMBER_OBJECT_CONVERSION = YES_AGGRESSIVE;
				CLANG_CXX_LANGUAGE_STANDARD = "gnu++0x";
				CLANG_CXX_LIBRARY = "libc++";
				CLANG_ENABLE_MODULES = YES;
				CLANG_ENABLE_OBJC_ARC = YES;
				CLANG_WARN_BOOL_CONVERSION = YES;
				CLANG_WARN_CONSTANT_CONVERSION = YES;
				CLANG_WARN_DIRECT_OBJC_ISA_USAGE = YES_ERROR;
				CLANG_WARN_DOCUMENTATION_COMMENTS = YES;
				CLANG_WARN_EMPTY_BODY = YES;
				CLANG_WARN_ENUM_CONVERSION = YES;
				CLANG_WARN_INFINITE_RECURSION = YES;
				CLANG_WARN_INT_CONVERSION = YES;
				CLANG_WARN_OBJC_ROOT_CLASS = YES_ERROR;
				CLANG_WARN_SUSPICIOUS_MOVE = YES;
				CLANG_WARN_UNREACHABLE_CODE = YES;
				CLANG_WARN__DUPLICATE_METHOD_MATCH = YES;
				"CODE_SIGN_IDENTITY[sdk=iphoneos*]" = "iPhone Developer";
				COPY_PHASE_STRIP = NO;
				DEBUG_INFORMATION_FORMAT = dwarf;
				ENABLE_STRICT_OBJC_MSGSEND = YES;
				ENABLE_TESTABILITY = YES;
				GCC_C_LANGUAGE_STANDARD = gnu99;
				GCC_DYNAMIC_NO_PIC = NO;
				GCC_NO_COMMON_BLOCKS = YES;
				GCC_OPTIMIZATION_LEVEL = 0;
				GCC_PREPROCESSOR_DEFINITIONS = (
					"DEBUG=1",
					"$(inherited)",
				);
				GCC_WARN_64_TO_32_BIT_CONVERSION = YES;
				GCC_WARN_ABOUT_RETURN_TYPE = YES_ERROR;
				GCC_WARN_UNDECLARED_SELECTOR = YES;
				GCC_WARN_UNINITIALIZED_AUTOS = YES_AGGRESSIVE;
				GCC_WARN_UNUSED_FUNCTION = YES;
				GCC_WARN_UNUSED_VARIABLE = YES;
				IPHONEOS_DEPLOYMENT_TARGET = 10.3;
				MTL_ENABLE_DEBUG_INFO = YES;
				ONLY_ACTIVE_ARCH = YES;
				SDKROOT = iphoneos;
				TARGETED_DEVICE_FAMILY = "1,2";
			};
			name = Debug;
		};
		CA0A26A81F70AC4E00209E05 /* Release */ = {
			isa = XCBuildConfiguration;
			buildSettings = {
				ALWAYS_SEARCH_USER_PATHS = NO;
				CLANG_ANALYZER_NONNULL = YES;
				CLANG_ANALYZER_NUMBER_OBJECT_CONVERSION = YES_AGGRESSIVE;
				CLANG_CXX_LANGUAGE_STANDARD = "gnu++0x";
				CLANG_CXX_LIBRARY = "libc++";
				CLANG_ENABLE_MODULES = YES;
				CLANG_ENABLE_OBJC_ARC = YES;
				CLANG_WARN_BOOL_CONVERSION = YES;
				CLANG_WARN_CONSTANT_CONVERSION = YES;
				CLANG_WARN_DIRECT_OBJC_ISA_USAGE = YES_ERROR;
				CLANG_WARN_DOCUMENTATION_COMMENTS = YES;
				CLANG_WARN_EMPTY_BODY = YES;
				CLANG_WARN_ENUM_CONVERSION = YES;
				CLANG_WARN_INFINITE_RECURSION = YES;
				CLANG_WARN_INT_CONVERSION = YES;
				CLANG_WARN_OBJC_ROOT_CLASS = YES_ERROR;
				CLANG_WARN_SUSPICIOUS_MOVE = YES;
				CLANG_WARN_UNREACHABLE_CODE = YES;
				CLANG_WARN__DUPLICATE_METHOD_MATCH = YES;
				"CODE_SIGN_IDENTITY[sdk=iphoneos*]" = "iPhone Developer";
				COPY_PHASE_STRIP = NO;
				DEBUG_INFORMATION_FORMAT = "dwarf-with-dsym";
				ENABLE_NS_ASSERTIONS = NO;
				ENABLE_STRICT_OBJC_MSGSEND = YES;
				GCC_C_LANGUAGE_STANDARD = gnu99;
				GCC_NO_COMMON_BLOCKS = YES;
				GCC_WARN_64_TO_32_BIT_CONVERSION = YES;
				GCC_WARN_ABOUT_RETURN_TYPE = YES_ERROR;
				GCC_WARN_UNDECLARED_SELECTOR = YES;
				GCC_WARN_UNINITIALIZED_AUTOS = YES_AGGRESSIVE;
				GCC_WARN_UNUSED_FUNCTION = YES;
				GCC_WARN_UNUSED_VARIABLE = YES;
				IPHONEOS_DEPLOYMENT_TARGET = 10.3;
				MTL_ENABLE_DEBUG_INFO = NO;
				SDKROOT = iphoneos;
				TARGETED_DEVICE_FAMILY = "1,2";
				VALIDATE_PRODUCT = YES;
			};
			name = Release;
		};
		CA0A26AA1F70AC4E00209E05 /* Debug */ = {
			isa = XCBuildConfiguration;
			baseConfigurationReference = 20F52252E8A76E65DF45364D /* Pods-Chatory.debug.xcconfig */;
			buildSettings = {
				ASSETCATALOG_COMPILER_APPICON_NAME = AppIcon;
				DEVELOPMENT_TEAM = HXU23UYV46;
				GCC_PREFIX_HEADER = "$(SRCROOT)/Chatory/Utils/PrefixHeader.pch";
				INFOPLIST_FILE = Chatory/Info.plist;
				IPHONEOS_DEPLOYMENT_TARGET = 10.0;
				LD_RUNPATH_SEARCH_PATHS = "$(inherited) @executable_path/Frameworks";
				PRODUCT_BUNDLE_IDENTIFIER = com.AskStroy.Chatory;
				PRODUCT_NAME = "$(TARGET_NAME)";
			};
			name = Debug;
		};
		CA0A26AB1F70AC4E00209E05 /* Release */ = {
			isa = XCBuildConfiguration;
			baseConfigurationReference = 5CA7A44A4D0C1113D48C12F4 /* Pods-Chatory.release.xcconfig */;
			buildSettings = {
				ASSETCATALOG_COMPILER_APPICON_NAME = AppIcon;
				DEVELOPMENT_TEAM = HXU23UYV46;
				GCC_PREFIX_HEADER = "$(SRCROOT)/Chatory/Utils/PrefixHeader.pch";
				INFOPLIST_FILE = Chatory/Info.plist;
				IPHONEOS_DEPLOYMENT_TARGET = 10.0;
				LD_RUNPATH_SEARCH_PATHS = "$(inherited) @executable_path/Frameworks";
				PRODUCT_BUNDLE_IDENTIFIER = com.AskStroy.Chatory;
				PRODUCT_NAME = "$(TARGET_NAME)";
			};
			name = Release;
		};
		CA0A26AD1F70AC4E00209E05 /* Debug */ = {
			isa = XCBuildConfiguration;
			baseConfigurationReference = DB5CBA1496E1B953F9510377 /* Pods-ChatoryTests.debug.xcconfig */;
			buildSettings = {
				BUNDLE_LOADER = "$(TEST_HOST)";
				DEVELOPMENT_TEAM = HXU23UYV46;
				INFOPLIST_FILE = ChatoryTests/Info.plist;
				LD_RUNPATH_SEARCH_PATHS = "$(inherited) @executable_path/Frameworks @loader_path/Frameworks";
				PRODUCT_BUNDLE_IDENTIFIER = com.AskStroy.ChatoryTests;
				PRODUCT_NAME = "$(TARGET_NAME)";
				TEST_HOST = "$(BUILT_PRODUCTS_DIR)/Chatory.app/Chatory";
			};
			name = Debug;
		};
		CA0A26AE1F70AC4E00209E05 /* Release */ = {
			isa = XCBuildConfiguration;
			baseConfigurationReference = 0F8386A899253588B7A75932 /* Pods-ChatoryTests.release.xcconfig */;
			buildSettings = {
				BUNDLE_LOADER = "$(TEST_HOST)";
				DEVELOPMENT_TEAM = HXU23UYV46;
				INFOPLIST_FILE = ChatoryTests/Info.plist;
				LD_RUNPATH_SEARCH_PATHS = "$(inherited) @executable_path/Frameworks @loader_path/Frameworks";
				PRODUCT_BUNDLE_IDENTIFIER = com.AskStroy.ChatoryTests;
				PRODUCT_NAME = "$(TARGET_NAME)";
				TEST_HOST = "$(BUILT_PRODUCTS_DIR)/Chatory.app/Chatory";
			};
			name = Release;
		};
/* End XCBuildConfiguration section */

/* Begin XCConfigurationList section */
		CA0A26821F70AC4D00209E05 /* Build configuration list for PBXProject "Chatory" */ = {
			isa = XCConfigurationList;
			buildConfigurations = (
				CA0A26A71F70AC4E00209E05 /* Debug */,
				CA0A26A81F70AC4E00209E05 /* Release */,
			);
			defaultConfigurationIsVisible = 0;
			defaultConfigurationName = Release;
		};
		CA0A26A91F70AC4E00209E05 /* Build configuration list for PBXNativeTarget "Chatory" */ = {
			isa = XCConfigurationList;
			buildConfigurations = (
				CA0A26AA1F70AC4E00209E05 /* Debug */,
				CA0A26AB1F70AC4E00209E05 /* Release */,
			);
			defaultConfigurationIsVisible = 0;
			defaultConfigurationName = Release;
		};
		CA0A26AC1F70AC4E00209E05 /* Build configuration list for PBXNativeTarget "ChatoryTests" */ = {
			isa = XCConfigurationList;
			buildConfigurations = (
				CA0A26AD1F70AC4E00209E05 /* Debug */,
				CA0A26AE1F70AC4E00209E05 /* Release */,
			);
			defaultConfigurationIsVisible = 0;
			defaultConfigurationName = Release;
		};
/* End XCConfigurationList section */
	};
	rootObject = CA0A267F1F70AC4D00209E05 /* Project object */;
}
